// !$*UTF8*$!
{
	archiveVersion = 1;
	classes = {
	};
	objectVersion = 46;
	objects = {

/* Begin PBXBuildFile section */
		3F8C207620746AC600B838D9 /* main.m in Sources */ = {isa = PBXBuildFile; fileRef = 3F8C207520746AC600B838D9 /* main.m */; };
		3F8C207920746AC600B838D9 /* AppDelegate.m in Sources */ = {isa = PBXBuildFile; fileRef = 3F8C207820746AC600B838D9 /* AppDelegate.m */; };
		3F8C207C20746AC700B838D9 /* ViewController.m in Sources */ = {isa = PBXBuildFile; fileRef = 3F8C207B20746AC700B838D9 /* ViewController.m */; };
		3F8C207F20746AC700B838D9 /* Main.storyboard in Resources */ = {isa = PBXBuildFile; fileRef = 3F8C207D20746AC700B838D9 /* Main.storyboard */; };
		3F8C208120746AC700B838D9 /* Assets.xcassets in Resources */ = {isa = PBXBuildFile; fileRef = 3F8C208020746AC700B838D9 /* Assets.xcassets */; };
		3F8C208420746AC700B838D9 /* LaunchScreen.storyboard in Resources */ = {isa = PBXBuildFile; fileRef = 3F8C208220746AC700B838D9 /* LaunchScreen.storyboard */; };
		3F8C208F20746AC800B838D9 /* Objective_C___JavaScript___Tests.m in Sources */ = {isa = PBXBuildFile; fileRef = 3F8C208E20746AC800B838D9 /* Objective_C___JavaScript___Tests.m */; };
		3F8C209A20746AC800B838D9 /* Objective_C___JavaScript___UITests.m in Sources */ = {isa = PBXBuildFile; fileRef = 3F8C209920746AC800B838D9 /* Objective_C___JavaScript___UITests.m */; };
/* End PBXBuildFile section */

/* Begin PBXContainerItemProxy section */
		3F8C208B20746AC800B838D9 /* PBXContainerItemProxy */ = {
			isa = PBXContainerItemProxy;
			containerPortal = 3F8C206920746AC500B838D9 /* Project object */;
			proxyType = 1;
			remoteGlobalIDString = 3F8C207020746AC600B838D9;
			remoteInfo = "Objective-C 与 JavaScript 交互";
		};
		3F8C209620746AC800B838D9 /* PBXContainerItemProxy */ = {
			isa = PBXContainerItemProxy;
			containerPortal = 3F8C206920746AC500B838D9 /* Project object */;
			proxyType = 1;
			remoteGlobalIDString = 3F8C207020746AC600B838D9;
			remoteInfo = "Objective-C 与 JavaScript 交互";
		};
/* End PBXContainerItemProxy section */

/* Begin PBXFileReference section */
		3F8C207120746AC600B838D9 /* Objective-C 与 JavaScript 交互.app */ = {isa = PBXFileReference; explicitFileType = wrapper.application; includeInIndex = 0; path = "Objective-C 与 JavaScript 交互.app"; sourceTree = BUILT_PRODUCTS_DIR; };
		3F8C207520746AC600B838D9 /* main.m */ = {isa = PBXFileReference; lastKnownFileType = sourcecode.c.objc; path = main.m; sourceTree = "<group>"; };
		3F8C207720746AC600B838D9 /* AppDelegate.h */ = {isa = PBXFileReference; lastKnownFileType = sourcecode.c.h; path = AppDelegate.h; sourceTree = "<group>"; };
		3F8C207820746AC600B838D9 /* AppDelegate.m */ = {isa = PBXFileReference; lastKnownFileType = sourcecode.c.objc; path = AppDelegate.m; sourceTree = "<group>"; };
		3F8C207A20746AC700B838D9 /* ViewController.h */ = {isa = PBXFileReference; lastKnownFileType = sourcecode.c.h; path = ViewController.h; sourceTree = "<group>"; };
		3F8C207B20746AC700B838D9 /* ViewController.m */ = {isa = PBXFileReference; lastKnownFileType = sourcecode.c.objc; path = ViewController.m; sourceTree = "<group>"; };
		3F8C207E20746AC700B838D9 /* Base */ = {isa = PBXFileReference; lastKnownFileType = file.storyboard; name = Base; path = Base.lproj/Main.storyboard; sourceTree = "<group>"; };
		3F8C208020746AC700B838D9 /* Assets.xcassets */ = {isa = PBXFileReference; lastKnownFileType = folder.assetcatalog; path = Assets.xcassets; sourceTree = "<group>"; };
		3F8C208320746AC700B838D9 /* Base */ = {isa = PBXFileReference; lastKnownFileType = file.storyboard; name = Base; path = Base.lproj/LaunchScreen.storyboard; sourceTree = "<group>"; };
		3F8C208520746AC800B838D9 /* Info.plist */ = {isa = PBXFileReference; lastKnownFileType = text.plist.xml; path = Info.plist; sourceTree = "<group>"; };
		3F8C208A20746AC800B838D9 /* Objective-C 与 JavaScript 交互Tests.xctest */ = {isa = PBXFileReference; explicitFileType = wrapper.cfbundle; includeInIndex = 0; path = "Objective-C 与 JavaScript 交互Tests.xctest"; sourceTree = BUILT_PRODUCTS_DIR; };
		3F8C208E20746AC800B838D9 /* Objective_C___JavaScript___Tests.m */ = {isa = PBXFileReference; lastKnownFileType = sourcecode.c.objc; path = "Objective_C___JavaScript___Tests.m"; sourceTree = "<group>"; };
		3F8C209020746AC800B838D9 /* Info.plist */ = {isa = PBXFileReference; lastKnownFileType = text.plist.xml; path = Info.plist; sourceTree = "<group>"; };
		3F8C209520746AC800B838D9 /* Objective-C 与 JavaScript 交互UITests.xctest */ = {isa = PBXFileReference; explicitFileType = wrapper.cfbundle; includeInIndex = 0; path = "Objective-C 与 JavaScript 交互UITests.xctest"; sourceTree = BUILT_PRODUCTS_DIR; };
		3F8C209920746AC800B838D9 /* Objective_C___JavaScript___UITests.m */ = {isa = PBXFileReference; lastKnownFileType = sourcecode.c.objc; path = "Objective_C___JavaScript___UITests.m"; sourceTree = "<group>"; };
		3F8C209B20746AC800B838D9 /* Info.plist */ = {isa = PBXFileReference; lastKnownFileType = text.plist.xml; path = Info.plist; sourceTree = "<group>"; };
/* End PBXFileReference section */

/* Begin PBXFrameworksBuildPhase section */
		3F8C206E20746AC600B838D9 /* Frameworks */ = {
			isa = PBXFrameworksBuildPhase;
			buildActionMask = 2147483647;
			files = (
			);
			runOnlyForDeploymentPostprocessing = 0;
		};
		3F8C208720746AC800B838D9 /* Frameworks */ = {
			isa = PBXFrameworksBuildPhase;
			buildActionMask = 2147483647;
			files = (
			);
			runOnlyForDeploymentPostprocessing = 0;
		};
		3F8C209220746AC800B838D9 /* Frameworks */ = {
			isa = PBXFrameworksBuildPhase;
			buildActionMask = 2147483647;
			files = (
			);
			runOnlyForDeploymentPostprocessing = 0;
		};
/* End PBXFrameworksBuildPhase section */

/* Begin PBXGroup section */
		3F8C206820746AC500B838D9 = {
			isa = PBXGroup;
			children = (
				3F8C207320746AC600B838D9 /* Objective-C 与 JavaScript 交互 */,
				3F8C208D20746AC800B838D9 /* Objective-C 与 JavaScript 交互Tests */,
				3F8C209820746AC800B838D9 /* Objective-C 与 JavaScript 交互UITests */,
				3F8C207220746AC600B838D9 /* Products */,
			);
			sourceTree = "<group>";
		};
		3F8C207220746AC600B838D9 /* Products */ = {
			isa = PBXGroup;
			children = (
				3F8C207120746AC600B838D9 /* Objective-C 与 JavaScript 交互.app */,
				3F8C208A20746AC800B838D9 /* Objective-C 与 JavaScript 交互Tests.xctest */,
				3F8C209520746AC800B838D9 /* Objective-C 与 JavaScript 交互UITests.xctest */,
			);
			name = Products;
			sourceTree = "<group>";
		};
		3F8C207320746AC600B838D9 /* Objective-C 与 JavaScript 交互 */ = {
			isa = PBXGroup;
			children = (
				3F8C207720746AC600B838D9 /* AppDelegate.h */,
				3F8C207820746AC600B838D9 /* AppDelegate.m */,
				3F8C207A20746AC700B838D9 /* ViewController.h */,
				3F8C207B20746AC700B838D9 /* ViewController.m */,
				3F8C207D20746AC700B838D9 /* Main.storyboard */,
				3F8C208020746AC700B838D9 /* Assets.xcassets */,
				3F8C208220746AC700B838D9 /* LaunchScreen.storyboard */,
				3F8C208520746AC800B838D9 /* Info.plist */,
				3F8C207420746AC600B838D9 /* Supporting Files */,
			);
			path = "Objective-C 与 JavaScript 交互";
			sourceTree = "<group>";
		};
		3F8C207420746AC600B838D9 /* Supporting Files */ = {
			isa = PBXGroup;
			children = (
				3F8C207520746AC600B838D9 /* main.m */,
			);
			name = "Supporting Files";
			sourceTree = "<group>";
		};
		3F8C208D20746AC800B838D9 /* Objective-C 与 JavaScript 交互Tests */ = {
			isa = PBXGroup;
			children = (
				3F8C208E20746AC800B838D9 /* Objective_C___JavaScript___Tests.m */,
				3F8C209020746AC800B838D9 /* Info.plist */,
			);
			path = "Objective-C 与 JavaScript 交互Tests";
			sourceTree = "<group>";
		};
		3F8C209820746AC800B838D9 /* Objective-C 与 JavaScript 交互UITests */ = {
			isa = PBXGroup;
			children = (
				3F8C209920746AC800B838D9 /* Objective_C___JavaScript___UITests.m */,
				3F8C209B20746AC800B838D9 /* Info.plist */,
			);
			path = "Objective-C 与 JavaScript 交互UITests";
			sourceTree = "<group>";
		};
/* End PBXGroup section */

/* Begin PBXNativeTarget section */
		3F8C207020746AC600B838D9 /* Objective-C 与 JavaScript 交互 */ = {
			isa = PBXNativeTarget;
			buildConfigurationList = 3F8C209E20746AC800B838D9 /* Build configuration list for PBXNativeTarget "Objective-C 与 JavaScript 交互" */;
			buildPhases = (
				3F8C206D20746AC600B838D9 /* Sources */,
				3F8C206E20746AC600B838D9 /* Frameworks */,
				3F8C206F20746AC600B838D9 /* Resources */,
			);
			buildRules = (
			);
			dependencies = (
			);
			name = "Objective-C 与 JavaScript 交互";
			productName = "Objective-C 与 JavaScript 交互";
			productReference = 3F8C207120746AC600B838D9 /* Objective-C 与 JavaScript 交互.app */;
			productType = "com.apple.product-type.application";
		};
		3F8C208920746AC800B838D9 /* Objective-C 与 JavaScript 交互Tests */ = {
			isa = PBXNativeTarget;
			buildConfigurationList = 3F8C20A120746AC800B838D9 /* Build configuration list for PBXNativeTarget "Objective-C 与 JavaScript 交互Tests" */;
			buildPhases = (
				3F8C208620746AC800B838D9 /* Sources */,
				3F8C208720746AC800B838D9 /* Frameworks */,
				3F8C208820746AC800B838D9 /* Resources */,
			);
			buildRules = (
			);
			dependencies = (
				3F8C208C20746AC800B838D9 /* PBXTargetDependency */,
			);
			name = "Objective-C 与 JavaScript 交互Tests";
			productName = "Objective-C 与 JavaScript 交互Tests";
			productReference = 3F8C208A20746AC800B838D9 /* Objective-C 与 JavaScript 交互Tests.xctest */;
			productType = "com.apple.product-type.bundle.unit-test";
		};
		3F8C209420746AC800B838D9 /* Objective-C 与 JavaScript 交互UITests */ = {
			isa = PBXNativeTarget;
			buildConfigurationList = 3F8C20A420746AC800B838D9 /* Build configuration list for PBXNativeTarget "Objective-C 与 JavaScript 交互UITests" */;
			buildPhases = (
				3F8C209120746AC800B838D9 /* Sources */,
				3F8C209220746AC800B838D9 /* Frameworks */,
				3F8C209320746AC800B838D9 /* Resources */,
			);
			buildRules = (
			);
			dependencies = (
				3F8C209720746AC800B838D9 /* PBXTargetDependency */,
			);
			name = "Objective-C 与 JavaScript 交互UITests";
			productName = "Objective-C 与 JavaScript 交互UITests";
			productReference = 3F8C209520746AC800B838D9 /* Objective-C 与 JavaScript 交互UITests.xctest */;
			productType = "com.apple.product-type.bundle.ui-testing";
		};
/* End PBXNativeTarget section */

/* Begin PBXProject section */
		3F8C206920746AC500B838D9 /* Project object */ = {
			isa = PBXProject;
			attributes = {
				LastUpgradeCheck = 0830;
				ORGANIZATIONNAME = student;
				TargetAttributes = {
					3F8C207020746AC600B838D9 = {
						CreatedOnToolsVersion = 8.3;
						ProvisioningStyle = Automatic;
					};
					3F8C208920746AC800B838D9 = {
						CreatedOnToolsVersion = 8.3;
						ProvisioningStyle = Automatic;
						TestTargetID = 3F8C207020746AC600B838D9;
					};
					3F8C209420746AC800B838D9 = {
						CreatedOnToolsVersion = 8.3;
						ProvisioningStyle = Automatic;
						TestTargetID = 3F8C207020746AC600B838D9;
					};
				};
			};
			buildConfigurationList = 3F8C206C20746AC500B838D9 /* Build configuration list for PBXProject "Objective-C 与 JavaScript 交互" */;
			compatibilityVersion = "Xcode 3.2";
			developmentRegion = English;
			hasScannedForEncodings = 0;
			knownRegions = (
				en,
				Base,
			);
			mainGroup = 3F8C206820746AC500B838D9;
			productRefGroup = 3F8C207220746AC600B838D9 /* Products */;
			projectDirPath = "";
			projectRoot = "";
			targets = (
				3F8C207020746AC600B838D9 /* Objective-C 与 JavaScript 交互 */,
				3F8C208920746AC800B838D9 /* Objective-C 与 JavaScript 交互Tests */,
				3F8C209420746AC800B838D9 /* Objective-C 与 JavaScript 交互UITests */,
			);
		};
/* End PBXProject section */

/* Begin PBXResourcesBuildPhase section */
		3F8C206F20746AC600B838D9 /* Resources */ = {
			isa = PBXResourcesBuildPhase;
			buildActionMask = 2147483647;
			files = (
				3F8C208420746AC700B838D9 /* LaunchScreen.storyboard in Resources */,
				3F8C208120746AC700B838D9 /* Assets.xcassets in Resources */,
				3F8C207F20746AC700B838D9 /* Main.storyboard in Resources */,
			);
			runOnlyForDeploymentPostprocessing = 0;
		};
		3F8C208820746AC800B838D9 /* Resources */ = {
			isa = PBXResourcesBuildPhase;
			buildActionMask = 2147483647;
			files = (
			);
			runOnlyForDeploymentPostprocessing = 0;
		};
		3F8C209320746AC800B838D9 /* Resources */ = {
			isa = PBXResourcesBuildPhase;
			buildActionMask = 2147483647;
			files = (
			);
			runOnlyForDeploymentPostprocessing = 0;
		};
/* End PBXResourcesBuildPhase section */

/* Begin PBXSourcesBuildPhase section */
		3F8C206D20746AC600B838D9 /* Sources */ = {
			isa = PBXSourcesBuildPhase;
			buildActionMask = 2147483647;
			files = (
				3F8C207C20746AC700B838D9 /* ViewController.m in Sources */,
				3F8C207920746AC600B838D9 /* AppDelegate.m in Sources */,
				3F8C207620746AC600B838D9 /* main.m in Sources */,
			);
			runOnlyForDeploymentPostprocessing = 0;
		};
		3F8C208620746AC800B838D9 /* Sources */ = {
			isa = PBXSourcesBuildPhase;
			buildActionMask = 2147483647;
			files = (
				3F8C208F20746AC800B838D9 /* Objective_C___JavaScript___Tests.m in Sources */,
			);
			runOnlyForDeploymentPostprocessing = 0;
		};
		3F8C209120746AC800B838D9 /* Sources */ = {
			isa = PBXSourcesBuildPhase;
			buildActionMask = 2147483647;
			files = (
				3F8C209A20746AC800B838D9 /* Objective_C___JavaScript___UITests.m in Sources */,
			);
			runOnlyForDeploymentPostprocessing = 0;
		};
/* End PBXSourcesBuildPhase section */

/* Begin PBXTargetDependency section */
		3F8C208C20746AC800B838D9 /* PBXTargetDependency */ = {
			isa = PBXTargetDependency;
			target = 3F8C207020746AC600B838D9 /* Objective-C 与 JavaScript 交互 */;
			targetProxy = 3F8C208B20746AC800B838D9 /* PBXContainerItemProxy */;
		};
		3F8C209720746AC800B838D9 /* PBXTargetDependency */ = {
			isa = PBXTargetDependency;
			target = 3F8C207020746AC600B838D9 /* Objective-C 与 JavaScript 交互 */;
			targetProxy = 3F8C209620746AC800B838D9 /* PBXContainerItemProxy */;
		};
/* End PBXTargetDependency section */

/* Begin PBXVariantGroup section */
		3F8C207D20746AC700B838D9 /* Main.storyboard */ = {
			isa = PBXVariantGroup;
			children = (
				3F8C207E20746AC700B838D9 /* Base */,
			);
			name = Main.storyboard;
			sourceTree = "<group>";
		};
		3F8C208220746AC700B838D9 /* LaunchScreen.storyboard */ = {
			isa = PBXVariantGroup;
			children = (
				3F8C208320746AC700B838D9 /* Base */,
			);
			name = LaunchScreen.storyboard;
			sourceTree = "<group>";
		};
/* End PBXVariantGroup section */

/* Begin XCBuildConfiguration section */
		3F8C209C20746AC800B838D9 /* Debug */ = {
			isa = XCBuildConfiguration;
			buildSettings = {
				ALWAYS_SEARCH_USER_PATHS = NO;
				CLANG_ANALYZER_NONNULL = YES;
				CLANG_ANALYZER_NUMBER_OBJECT_CONVERSION = YES_AGGRESSIVE;
				CLANG_CXX_LANGUAGE_STANDARD = "gnu++0x";
				CLANG_CXX_LIBRARY = "libc++";
				CLANG_ENABLE_MODULES = YES;
				CLANG_ENABLE_OBJC_ARC = YES;
				CLANG_WARN_BOOL_CONVERSION = YES;
				CLANG_WARN_CONSTANT_CONVERSION = YES;
				CLANG_WARN_DIRECT_OBJC_ISA_USAGE = YES_ERROR;
				CLANG_WARN_DOCUMENTATION_COMMENTS = YES;
				CLANG_WARN_EMPTY_BODY = YES;
				CLANG_WARN_ENUM_CONVERSION = YES;
				CLANG_WARN_INFINITE_RECURSION = YES;
				CLANG_WARN_INT_CONVERSION = YES;
				CLANG_WARN_OBJC_ROOT_CLASS = YES_ERROR;
				CLANG_WARN_SUSPICIOUS_MOVE = YES;
				CLANG_WARN_UNREACHABLE_CODE = YES;
				CLANG_WARN__DUPLICATE_METHOD_MATCH = YES;
				"CODE_SIGN_IDENTITY[sdk=iphoneos*]" = "iPhone Developer";
				COPY_PHASE_STRIP = NO;
				DEBUG_INFORMATION_FORMAT = dwarf;
				ENABLE_STRICT_OBJC_MSGSEND = YES;
				ENABLE_TESTABILITY = YES;
				GCC_C_LANGUAGE_STANDARD = gnu99;
				GCC_DYNAMIC_NO_PIC = NO;
				GCC_NO_COMMON_BLOCKS = YES;
				GCC_OPTIMIZATION_LEVEL = 0;
				GCC_PREPROCESSOR_DEFINITIONS = (
					"DEBUG=1",
					"$(inherited)",
				);
				GCC_WARN_64_TO_32_BIT_CONVERSION = YES;
				GCC_WARN_ABOUT_RETURN_TYPE = YES_ERROR;
				GCC_WARN_UNDECLARED_SELECTOR = YES;
				GCC_WARN_UNINITIALIZED_AUTOS = YES_AGGRESSIVE;
				GCC_WARN_UNUSED_FUNCTION = YES;
				GCC_WARN_UNUSED_VARIABLE = YES;
				IPHONEOS_DEPLOYMENT_TARGET = 10.3;
				MTL_ENABLE_DEBUG_INFO = YES;
				ONLY_ACTIVE_ARCH = YES;
				SDKROOT = iphoneos;
				TARGETED_DEVICE_FAMILY = "1,2";
			};
			name = Debug;
		};
		3F8C209D20746AC800B838D9 /* Release */ = {
			isa = XCBuildConfiguration;
			buildSettings = {
				ALWAYS_SEARCH_USER_PATHS = NO;
				CLANG_ANALYZER_NONNULL = YES;
				CLANG_ANALYZER_NUMBER_OBJECT_CONVERSION = YES_AGGRESSIVE;
				CLANG_CXX_LANGUAGE_STANDARD = "gnu++0x";
				CLANG_CXX_LIBRARY = "libc++";
				CLANG_ENABLE_MODULES = YES;
				CLANG_ENABLE_OBJC_ARC = YES;
				CLANG_WARN_BOOL_CONVERSION = YES;
				CLANG_WARN_CONSTANT_CONVERSION = YES;
				CLANG_WARN_DIRECT_OBJC_ISA_USAGE = YES_ERROR;
				CLANG_WARN_DOCUMENTATION_COMMENTS = YES;
				CLANG_WARN_EMPTY_BODY = YES;
				CLANG_WARN_ENUM_CONVERSION = YES;
				CLANG_WARN_INFINITE_RECURSION = YES;
				CLANG_WARN_INT_CONVERSION = YES;
				CLANG_WARN_OBJC_ROOT_CLASS = YES_ERROR;
				CLANG_WARN_SUSPICIOUS_MOVE = YES;
				CLANG_WARN_UNREACHABLE_CODE = YES;
				CLANG_WARN__DUPLICATE_METHOD_MATCH = YES;
				"CODE_SIGN_IDENTITY[sdk=iphoneos*]" = "iPhone Developer";
				COPY_PHASE_STRIP = NO;
				DEBUG_INFORMATION_FORMAT = "dwarf-with-dsym";
				ENABLE_NS_ASSERTIONS = NO;
				ENABLE_STRICT_OBJC_MSGSEND = YES;
				GCC_C_LANGUAGE_STANDARD = gnu99;
				GCC_NO_COMMON_BLOCKS = YES;
				GCC_WARN_64_TO_32_BIT_CONVERSION = YES;
				GCC_WARN_ABOUT_RETURN_TYPE = YES_ERROR;
				GCC_WARN_UNDECLARED_SELECTOR = YES;
				GCC_WARN_UNINITIALIZED_AUTOS = YES_AGGRESSIVE;
				GCC_WARN_UNUSED_FUNCTION = YES;
				GCC_WARN_UNUSED_VARIABLE = YES;
				IPHONEOS_DEPLOYMENT_TARGET = 10.3;
				MTL_ENABLE_DEBUG_INFO = NO;
				SDKROOT = iphoneos;
				TARGETED_DEVICE_FAMILY = "1,2";
				VALIDATE_PRODUCT = YES;
			};
			name = Release;
		};
		3F8C209F20746AC800B838D9 /* Debug */ = {
			isa = XCBuildConfiguration;
			buildSettings = {
				ASSETCATALOG_COMPILER_APPICON_NAME = AppIcon;
				INFOPLIST_FILE = "Objective-C 与 JavaScript 交互/Info.plist";
				LD_RUNPATH_SEARCH_PATHS = "$(inherited) @executable_path/Frameworks";
				PRODUCT_BUNDLE_IDENTIFIER = "cn.edu.abc.Objective-C---JavaScript---";
				PRODUCT_NAME = "$(TARGET_NAME)";
			};
			name = Debug;
		};
		3F8C20A020746AC800B838D9 /* Release */ = {
			isa = XCBuildConfiguration;
			buildSettings = {
				ASSETCATALOG_COMPILER_APPICON_NAME = AppIcon;
				INFOPLIST_FILE = "Objective-C 与 JavaScript 交互/Info.plist";
				LD_RUNPATH_SEARCH_PATHS = "$(inherited) @executable_path/Frameworks";
				PRODUCT_BUNDLE_IDENTIFIER = "cn.edu.abc.Objective-C---JavaScript---";
				PRODUCT_NAME = "$(TARGET_NAME)";
			};
			name = Release;
		};
		3F8C20A220746AC800B838D9 /* Debug */ = {
			isa = XCBuildConfiguration;
			buildSettings = {
				BUNDLE_LOADER = "$(TEST_HOST)";
				INFOPLIST_FILE = "Objective-C 与 JavaScript 交互Tests/Info.plist";
				LD_RUNPATH_SEARCH_PATHS = "$(inherited) @executable_path/Frameworks @loader_path/Frameworks";
				PRODUCT_BUNDLE_IDENTIFIER = "cn.edu.abc.Objective-C---JavaScript---Tests";
				PRODUCT_NAME = "$(TARGET_NAME)";
				TEST_HOST = "$(BUILT_PRODUCTS_DIR)/Objective-C 与 JavaScript 交互.app/Objective-C 与 JavaScript 交互";
			};
			name = Debug;
		};
		3F8C20A320746AC800B838D9 /* Release */ = {
			isa = XCBuildConfiguration;
			buildSettings = {
				BUNDLE_LOADER = "$(TEST_HOST)";
				INFOPLIST_FILE = "Objective-C 与 JavaScript 交互Tests/Info.plist";
				LD_RUNPATH_SEARCH_PATHS = "$(inherited) @executable_path/Frameworks @loader_path/Frameworks";
				PRODUCT_BUNDLE_IDENTIFIER = "cn.edu.abc.Objective-C---JavaScript---Tests";
				PRODUCT_NAME = "$(TARGET_NAME)";
				TEST_HOST = "$(BUILT_PRODUCTS_DIR)/Objective-C 与 JavaScript 交互.app/Objective-C 与 JavaScript 交互";
			};
			name = Release;
		};
		3F8C20A520746AC800B838D9 /* Debug */ = {
			isa = XCBuildConfiguration;
			buildSettings = {
				INFOPLIST_FILE = "Objective-C 与 JavaScript 交互UITests/Info.plist";
				LD_RUNPATH_SEARCH_PATHS = "$(inherited) @executable_path/Frameworks @loader_path/Frameworks";
				PRODUCT_BUNDLE_IDENTIFIER = "cn.edu.abc.Objective-C---JavaScript---UITests";
				PRODUCT_NAME = "$(TARGET_NAME)";
				TEST_TARGET_NAME = "Objective-C 与 JavaScript 交互";
			};
			name = Debug;
		};
		3F8C20A620746AC800B838D9 /* Release */ = {
			isa = XCBuildConfiguration;
			buildSettings = {
				INFOPLIST_FILE = "Objective-C 与 JavaScript 交互UITests/Info.plist";
				LD_RUNPATH_SEARCH_PATHS = "$(inherited) @executable_path/Frameworks @loader_path/Frameworks";
				PRODUCT_BUNDLE_IDENTIFIER = "cn.edu.abc.Objective-C---JavaScript---UITests";
				PRODUCT_NAME = "$(TARGET_NAME)";
				TEST_TARGET_NAME = "Objective-C 与 JavaScript 交互";
			};
			name = Release;
		};
/* End XCBuildConfiguration section */

/* Begin XCConfigurationList section */
		3F8C206C20746AC500B838D9 /* Build configuration list for PBXProject "Objective-C 与 JavaScript 交互" */ = {
			isa = XCConfigurationList;
			buildConfigurations = (
				3F8C209C20746AC800B838D9 /* Debug */,
				3F8C209D20746AC800B838D9 /* Release */,
			);
			defaultConfigurationIsVisible = 0;
			defaultConfigurationName = Release;
		};
		3F8C209E20746AC800B838D9 /* Build configuration list for PBXNativeTarget "Objective-C 与 JavaScript 交互" */ = {
			isa = XCConfigurationList;
			buildConfigurations = (
				3F8C209F20746AC800B838D9 /* Debug */,
				3F8C20A020746AC800B838D9 /* Release */,
			);
			defaultConfigurationIsVisible = 0;
		};
		3F8C20A120746AC800B838D9 /* Build configuration list for PBXNativeTarget "Objective-C 与 JavaScript 交互Tests" */ = {
			isa = XCConfigurationList;
			buildConfigurations = (
				3F8C20A220746AC800B838D9 /* Debug */,
				3F8C20A320746AC800B838D9 /* Release */,
			);
			defaultConfigurationIsVisible = 0;
		};
		3F8C20A420746AC800B838D9 /* Build configuration list for PBXNativeTarget "Objective-C 与 JavaScript 交互UITests" */ = {
			isa = XCConfigurationList;
			buildConfigurations = (
				3F8C20A520746AC800B838D9 /* Debug */,
				3F8C20A620746AC800B838D9 /* Release */,
			);
			defaultConfigurationIsVisible = 0;
		};
/* End XCConfigurationList section */
	};
	rootObject = 3F8C206920746AC500B838D9 /* Project object */;
}
