// !$*UTF8*$!
{
	archiveVersion = 1;
	classes = {
	};
	objectVersion = 46;
	objects = {

/* Begin PBXBuildFile section */
		3F030A1F20AE504600D83438 /* POIViewController.m in Sources */ = {isa = PBXBuildFile; fileRef = 3F030A1E20AE504600D83438 /* POIViewController.m */; };
		3F42D86B20ABC83800A24CD4 /* main.m in Sources */ = {isa = PBXBuildFile; fileRef = 3F42D86A20ABC83800A24CD4 /* main.m */; };
		3F42D86E20ABC83800A24CD4 /* AppDelegate.m in Sources */ = {isa = PBXBuildFile; fileRef = 3F42D86D20ABC83800A24CD4 /* AppDelegate.m */; };
		3F42D87120ABC83800A24CD4 /* ViewController.m in Sources */ = {isa = PBXBuildFile; fileRef = 3F42D87020ABC83800A24CD4 /* ViewController.m */; };
		3F42D87420ABC83800A24CD4 /* Main.storyboard in Resources */ = {isa = PBXBuildFile; fileRef = 3F42D87220ABC83800A24CD4 /* Main.storyboard */; };
		3F42D87620ABC83800A24CD4 /* Assets.xcassets in Resources */ = {isa = PBXBuildFile; fileRef = 3F42D87520ABC83800A24CD4 /* Assets.xcassets */; };
		3F42D87920ABC83800A24CD4 /* LaunchScreen.storyboard in Resources */ = {isa = PBXBuildFile; fileRef = 3F42D87720ABC83800A24CD4 /* LaunchScreen.storyboard */; };
		3F42D88420ABC83800A24CD4 /* _________Tests.m in Sources */ = {isa = PBXBuildFile; fileRef = 3F42D88320ABC83800A24CD4 /* _________Tests.m */; };
		3F42D88F20ABC83800A24CD4 /* _________UITests.m in Sources */ = {isa = PBXBuildFile; fileRef = 3F42D88E20ABC83800A24CD4 /* _________UITests.m */; };
		3F42D89D20ABC93000A24CD4 /* AMapFoundationKit.framework in Frameworks */ = {isa = PBXBuildFile; fileRef = 3F42D89C20ABC93000A24CD4 /* AMapFoundationKit.framework */; };
		3F42D8A020ABC95C00A24CD4 /* JavaScriptCore.framework in Frameworks */ = {isa = PBXBuildFile; fileRef = 3F42D89F20ABC95C00A24CD4 /* JavaScriptCore.framework */; };
		3F42D8A220ABC96400A24CD4 /* SystemConfiguration.framework in Frameworks */ = {isa = PBXBuildFile; fileRef = 3F42D8A120ABC96400A24CD4 /* SystemConfiguration.framework */; };
		3F42D8A420ABC96C00A24CD4 /* CoreTelephony.framework in Frameworks */ = {isa = PBXBuildFile; fileRef = 3F42D8A320ABC96C00A24CD4 /* CoreTelephony.framework */; };
		3F42D8A620ABC97300A24CD4 /* CoreLocation.framework in Frameworks */ = {isa = PBXBuildFile; fileRef = 3F42D8A520ABC97300A24CD4 /* CoreLocation.framework */; };
		3F42D8A820ABC97B00A24CD4 /* Security.framework in Frameworks */ = {isa = PBXBuildFile; fileRef = 3F42D8A720ABC97B00A24CD4 /* Security.framework */; };
		3F42D8AA20ABC99C00A24CD4 /* libz.tbd in Frameworks */ = {isa = PBXBuildFile; fileRef = 3F42D8A920ABC99C00A24CD4 /* libz.tbd */; };
		3F42D8AC20ABC9AA00A24CD4 /* libc++.tbd in Frameworks */ = {isa = PBXBuildFile; fileRef = 3F42D8AB20ABC9AA00A24CD4 /* libc++.tbd */; };
		3F42D8AE20ABC9B900A24CD4 /* libstdc++.6.0.9.tbd in Frameworks */ = {isa = PBXBuildFile; fileRef = 3F42D8AD20ABC9B900A24CD4 /* libstdc++.6.0.9.tbd */; };
		3F42D8B020ABCA2900A24CD4 /* AMapLocationKit.framework in Frameworks */ = {isa = PBXBuildFile; fileRef = 3F42D8AF20ABCA2900A24CD4 /* AMapLocationKit.framework */; };
		3F5C021720ABCEC5001B8DAF /* AMapSearchKit.framework in Frameworks */ = {isa = PBXBuildFile; fileRef = 3F5C021620ABCEC5001B8DAF /* AMapSearchKit.framework */; };
		3F5C021920ABCECC001B8DAF /* MAMapKit.framework in Frameworks */ = {isa = PBXBuildFile; fileRef = 3F5C021820ABCECC001B8DAF /* MAMapKit.framework */; };
		3F5C021B20ABCEF9001B8DAF /* AMap.bundle in Resources */ = {isa = PBXBuildFile; fileRef = 3F5C021A20ABCEF9001B8DAF /* AMap.bundle */; };
		3F5C021D20ABCF30001B8DAF /* UIKit.framework in Frameworks */ = {isa = PBXBuildFile; fileRef = 3F5C021C20ABCF30001B8DAF /* UIKit.framework */; };
		3F5C021F20ABCF3D001B8DAF /* Foundation.framework in Frameworks */ = {isa = PBXBuildFile; fileRef = 3F5C021E20ABCF3D001B8DAF /* Foundation.framework */; };
		3F5C022120ABCF4B001B8DAF /* CoreGraphics.framework in Frameworks */ = {isa = PBXBuildFile; fileRef = 3F5C022020ABCF4B001B8DAF /* CoreGraphics.framework */; };
		3F5C022320ABCF53001B8DAF /* QuartzCore.framework in Frameworks */ = {isa = PBXBuildFile; fileRef = 3F5C022220ABCF53001B8DAF /* QuartzCore.framework */; };
		3F5C022520ABCF5F001B8DAF /* AdSupport.framework in Frameworks */ = {isa = PBXBuildFile; fileRef = 3F5C022420ABCF5F001B8DAF /* AdSupport.framework */; };
		3F5C022820ABD024001B8DAF /* MapViewController.m in Sources */ = {isa = PBXBuildFile; fileRef = 3F5C022720ABD024001B8DAF /* MapViewController.m */; };
/* End PBXBuildFile section */

/* Begin PBXContainerItemProxy section */
		3F42D88020ABC83800A24CD4 /* PBXContainerItemProxy */ = {
			isa = PBXContainerItemProxy;
			containerPortal = 3F42D85E20ABC83800A24CD4 /* Project object */;
			proxyType = 1;
			remoteGlobalIDString = 3F42D86520ABC83800A24CD4;
			remoteInfo = "高德地图的集成使用";
		};
		3F42D88B20ABC83800A24CD4 /* PBXContainerItemProxy */ = {
			isa = PBXContainerItemProxy;
			containerPortal = 3F42D85E20ABC83800A24CD4 /* Project object */;
			proxyType = 1;
			remoteGlobalIDString = 3F42D86520ABC83800A24CD4;
			remoteInfo = "高德地图的集成使用";
		};
/* End PBXContainerItemProxy section */

/* Begin PBXFileReference section */
		3F030A1D20AE504600D83438 /* POIViewController.h */ = {isa = PBXFileReference; fileEncoding = 4; lastKnownFileType = sourcecode.c.h; name = POIViewController.h; path = "高德地图的集成使用/POIViewController.h"; sourceTree = "<group>"; };
		3F030A1E20AE504600D83438 /* POIViewController.m */ = {isa = PBXFileReference; fileEncoding = 4; lastKnownFileType = sourcecode.c.objc; name = POIViewController.m; path = "高德地图的集成使用/POIViewController.m"; sourceTree = "<group>"; };
		3F42D86620ABC83800A24CD4 /* 高德地图的集成使用.app */ = {isa = PBXFileReference; explicitFileType = wrapper.application; includeInIndex = 0; path = "高德地图的集成使用.app"; sourceTree = BUILT_PRODUCTS_DIR; };
		3F42D86A20ABC83800A24CD4 /* main.m */ = {isa = PBXFileReference; lastKnownFileType = sourcecode.c.objc; path = main.m; sourceTree = "<group>"; };
		3F42D86C20ABC83800A24CD4 /* AppDelegate.h */ = {isa = PBXFileReference; lastKnownFileType = sourcecode.c.h; path = AppDelegate.h; sourceTree = "<group>"; };
		3F42D86D20ABC83800A24CD4 /* AppDelegate.m */ = {isa = PBXFileReference; lastKnownFileType = sourcecode.c.objc; path = AppDelegate.m; sourceTree = "<group>"; };
		3F42D86F20ABC83800A24CD4 /* ViewController.h */ = {isa = PBXFileReference; lastKnownFileType = sourcecode.c.h; path = ViewController.h; sourceTree = "<group>"; };
		3F42D87020ABC83800A24CD4 /* ViewController.m */ = {isa = PBXFileReference; lastKnownFileType = sourcecode.c.objc; path = ViewController.m; sourceTree = "<group>"; };
		3F42D87320ABC83800A24CD4 /* Base */ = {isa = PBXFileReference; lastKnownFileType = file.storyboard; name = Base; path = Base.lproj/Main.storyboard; sourceTree = "<group>"; };
		3F42D87520ABC83800A24CD4 /* Assets.xcassets */ = {isa = PBXFileReference; lastKnownFileType = folder.assetcatalog; path = Assets.xcassets; sourceTree = "<group>"; };
		3F42D87820ABC83800A24CD4 /* Base */ = {isa = PBXFileReference; lastKnownFileType = file.storyboard; name = Base; path = Base.lproj/LaunchScreen.storyboard; sourceTree = "<group>"; };
		3F42D87A20ABC83800A24CD4 /* Info.plist */ = {isa = PBXFileReference; lastKnownFileType = text.plist.xml; path = Info.plist; sourceTree = "<group>"; };
		3F42D87F20ABC83800A24CD4 /* 高德地图的集成使用Tests.xctest */ = {isa = PBXFileReference; explicitFileType = wrapper.cfbundle; includeInIndex = 0; path = "高德地图的集成使用Tests.xctest"; sourceTree = BUILT_PRODUCTS_DIR; };
		3F42D88320ABC83800A24CD4 /* _________Tests.m */ = {isa = PBXFileReference; lastKnownFileType = sourcecode.c.objc; path = "_________Tests.m"; sourceTree = "<group>"; };
		3F42D88520ABC83800A24CD4 /* Info.plist */ = {isa = PBXFileReference; lastKnownFileType = text.plist.xml; path = Info.plist; sourceTree = "<group>"; };
		3F42D88A20ABC83800A24CD4 /* 高德地图的集成使用UITests.xctest */ = {isa = PBXFileReference; explicitFileType = wrapper.cfbundle; includeInIndex = 0; path = "高德地图的集成使用UITests.xctest"; sourceTree = BUILT_PRODUCTS_DIR; };
		3F42D88E20ABC83800A24CD4 /* _________UITests.m */ = {isa = PBXFileReference; lastKnownFileType = sourcecode.c.objc; path = "_________UITests.m"; sourceTree = "<group>"; };
		3F42D89020ABC83800A24CD4 /* Info.plist */ = {isa = PBXFileReference; lastKnownFileType = text.plist.xml; path = Info.plist; sourceTree = "<group>"; };
		3F42D89C20ABC93000A24CD4 /* AMapFoundationKit.framework */ = {isa = PBXFileReference; lastKnownFileType = wrapper.framework; path = AMapFoundationKit.framework; sourceTree = "<group>"; };
		3F42D89F20ABC95C00A24CD4 /* JavaScriptCore.framework */ = {isa = PBXFileReference; lastKnownFileType = wrapper.framework; name = JavaScriptCore.framework; path = System/Library/Frameworks/JavaScriptCore.framework; sourceTree = SDKROOT; };
		3F42D8A120ABC96400A24CD4 /* SystemConfiguration.framework */ = {isa = PBXFileReference; lastKnownFileType = wrapper.framework; name = SystemConfiguration.framework; path = System/Library/Frameworks/SystemConfiguration.framework; sourceTree = SDKROOT; };
		3F42D8A320ABC96C00A24CD4 /* CoreTelephony.framework */ = {isa = PBXFileReference; lastKnownFileType = wrapper.framework; name = CoreTelephony.framework; path = System/Library/Frameworks/CoreTelephony.framework; sourceTree = SDKROOT; };
		3F42D8A520ABC97300A24CD4 /* CoreLocation.framework */ = {isa = PBXFileReference; lastKnownFileType = wrapper.framework; name = CoreLocation.framework; path = System/Library/Frameworks/CoreLocation.framework; sourceTree = SDKROOT; };
		3F42D8A720ABC97B00A24CD4 /* Security.framework */ = {isa = PBXFileReference; lastKnownFileType = wrapper.framework; name = Security.framework; path = System/Library/Frameworks/Security.framework; sourceTree = SDKROOT; };
		3F42D8A920ABC99C00A24CD4 /* libz.tbd */ = {isa = PBXFileReference; lastKnownFileType = "sourcecode.text-based-dylib-definition"; name = libz.tbd; path = usr/lib/libz.tbd; sourceTree = SDKROOT; };
		3F42D8AB20ABC9AA00A24CD4 /* libc++.tbd */ = {isa = PBXFileReference; lastKnownFileType = "sourcecode.text-based-dylib-definition"; name = "libc++.tbd"; path = "usr/lib/libc++.tbd"; sourceTree = SDKROOT; };
		3F42D8AD20ABC9B900A24CD4 /* libstdc++.6.0.9.tbd */ = {isa = PBXFileReference; lastKnownFileType = "sourcecode.text-based-dylib-definition"; name = "libstdc++.6.0.9.tbd"; path = "usr/lib/libstdc++.6.0.9.tbd"; sourceTree = SDKROOT; };
		3F42D8AF20ABCA2900A24CD4 /* AMapLocationKit.framework */ = {isa = PBXFileReference; lastKnownFileType = wrapper.framework; path = AMapLocationKit.framework; sourceTree = "<group>"; };
		3F5C021620ABCEC5001B8DAF /* AMapSearchKit.framework */ = {isa = PBXFileReference; lastKnownFileType = wrapper.framework; path = AMapSearchKit.framework; sourceTree = "<group>"; };
		3F5C021820ABCECC001B8DAF /* MAMapKit.framework */ = {isa = PBXFileReference; lastKnownFileType = wrapper.framework; path = MAMapKit.framework; sourceTree = "<group>"; };
		3F5C021A20ABCEF9001B8DAF /* AMap.bundle */ = {isa = PBXFileReference; lastKnownFileType = "wrapper.plug-in"; path = AMap.bundle; sourceTree = "<group>"; };
		3F5C021C20ABCF30001B8DAF /* UIKit.framework */ = {isa = PBXFileReference; lastKnownFileType = wrapper.framework; name = UIKit.framework; path = System/Library/Frameworks/UIKit.framework; sourceTree = SDKROOT; };
		3F5C021E20ABCF3D001B8DAF /* Foundation.framework */ = {isa = PBXFileReference; lastKnownFileType = wrapper.framework; name = Foundation.framework; path = System/Library/Frameworks/Foundation.framework; sourceTree = SDKROOT; };
		3F5C022020ABCF4B001B8DAF /* CoreGraphics.framework */ = {isa = PBXFileReference; lastKnownFileType = wrapper.framework; name = CoreGraphics.framework; path = System/Library/Frameworks/CoreGraphics.framework; sourceTree = SDKROOT; };
		3F5C022220ABCF53001B8DAF /* QuartzCore.framework */ = {isa = PBXFileReference; lastKnownFileType = wrapper.framework; name = QuartzCore.framework; path = System/Library/Frameworks/QuartzCore.framework; sourceTree = SDKROOT; };
		3F5C022420ABCF5F001B8DAF /* AdSupport.framework */ = {isa = PBXFileReference; lastKnownFileType = wrapper.framework; name = AdSupport.framework; path = System/Library/Frameworks/AdSupport.framework; sourceTree = SDKROOT; };
		3F5C022620ABD024001B8DAF /* MapViewController.h */ = {isa = PBXFileReference; fileEncoding = 4; lastKnownFileType = sourcecode.c.h; path = MapViewController.h; sourceTree = "<group>"; };
		3F5C022720ABD024001B8DAF /* MapViewController.m */ = {isa = PBXFileReference; fileEncoding = 4; lastKnownFileType = sourcecode.c.objc; path = MapViewController.m; sourceTree = "<group>"; };
/* End PBXFileReference section */

/* Begin PBXFrameworksBuildPhase section */
		3F42D86320ABC83800A24CD4 /* Frameworks */ = {
			isa = PBXFrameworksBuildPhase;
			buildActionMask = 2147483647;
			files = (
				3F5C022520ABCF5F001B8DAF /* AdSupport.framework in Frameworks */,
				3F5C022320ABCF53001B8DAF /* QuartzCore.framework in Frameworks */,
				3F5C022120ABCF4B001B8DAF /* CoreGraphics.framework in Frameworks */,
				3F5C021F20ABCF3D001B8DAF /* Foundation.framework in Frameworks */,
				3F5C021D20ABCF30001B8DAF /* UIKit.framework in Frameworks */,
				3F5C021720ABCEC5001B8DAF /* AMapSearchKit.framework in Frameworks */,
				3F42D8AE20ABC9B900A24CD4 /* libstdc++.6.0.9.tbd in Frameworks */,
				3F42D8B020ABCA2900A24CD4 /* AMapLocationKit.framework in Frameworks */,
				3F42D8AC20ABC9AA00A24CD4 /* libc++.tbd in Frameworks */,
				3F42D8AA20ABC99C00A24CD4 /* libz.tbd in Frameworks */,
				3F42D8A820ABC97B00A24CD4 /* Security.framework in Frameworks */,
				3F5C021920ABCECC001B8DAF /* MAMapKit.framework in Frameworks */,
				3F42D8A620ABC97300A24CD4 /* CoreLocation.framework in Frameworks */,
				3F42D8A420ABC96C00A24CD4 /* CoreTelephony.framework in Frameworks */,
				3F42D8A220ABC96400A24CD4 /* SystemConfiguration.framework in Frameworks */,
				3F42D8A020ABC95C00A24CD4 /* JavaScriptCore.framework in Frameworks */,
				3F42D89D20ABC93000A24CD4 /* AMapFoundationKit.framework in Frameworks */,
			);
			runOnlyForDeploymentPostprocessing = 0;
		};
		3F42D87C20ABC83800A24CD4 /* Frameworks */ = {
			isa = PBXFrameworksBuildPhase;
			buildActionMask = 2147483647;
			files = (
			);
			runOnlyForDeploymentPostprocessing = 0;
		};
		3F42D88720ABC83800A24CD4 /* Frameworks */ = {
			isa = PBXFrameworksBuildPhase;
			buildActionMask = 2147483647;
			files = (
			);
			runOnlyForDeploymentPostprocessing = 0;
		};
/* End PBXFrameworksBuildPhase section */

/* Begin PBXGroup section */
		3F42D85D20ABC83800A24CD4 = {
			isa = PBXGroup;
			children = (
				3F030A1D20AE504600D83438 /* POIViewController.h */,
				3F030A1E20AE504600D83438 /* POIViewController.m */,
				3F5C021A20ABCEF9001B8DAF /* AMap.bundle */,
				3F42D86820ABC83800A24CD4 /* 高德地图的集成使用 */,
				3F42D88220ABC83800A24CD4 /* 高德地图的集成使用Tests */,
				3F42D88D20ABC83800A24CD4 /* 高德地图的集成使用UITests */,
				3F42D86720ABC83800A24CD4 /* Products */,
				3F42D89E20ABC95C00A24CD4 /* Frameworks */,
			);
			sourceTree = "<group>";
		};
		3F42D86720ABC83800A24CD4 /* Products */ = {
			isa = PBXGroup;
			children = (
				3F42D86620ABC83800A24CD4 /* 高德地图的集成使用.app */,
				3F42D87F20ABC83800A24CD4 /* 高德地图的集成使用Tests.xctest */,
				3F42D88A20ABC83800A24CD4 /* 高德地图的集成使用UITests.xctest */,
			);
			name = Products;
			sourceTree = "<group>";
		};
		3F42D86820ABC83800A24CD4 /* 高德地图的集成使用 */ = {
			isa = PBXGroup;
			children = (
				3F5C021820ABCECC001B8DAF /* MAMapKit.framework */,
				3F5C021620ABCEC5001B8DAF /* AMapSearchKit.framework */,
				3F42D8AF20ABCA2900A24CD4 /* AMapLocationKit.framework */,
				3F42D89C20ABC93000A24CD4 /* AMapFoundationKit.framework */,
				3F42D86C20ABC83800A24CD4 /* AppDelegate.h */,
				3F42D86D20ABC83800A24CD4 /* AppDelegate.m */,
				3F42D86F20ABC83800A24CD4 /* ViewController.h */,
				3F42D87020ABC83800A24CD4 /* ViewController.m */,
				3F42D87220ABC83800A24CD4 /* Main.storyboard */,
				3F42D87520ABC83800A24CD4 /* Assets.xcassets */,
				3F42D87720ABC83800A24CD4 /* LaunchScreen.storyboard */,
				3F42D87A20ABC83800A24CD4 /* Info.plist */,
				3F42D86920ABC83800A24CD4 /* Supporting Files */,
				3F5C022620ABD024001B8DAF /* MapViewController.h */,
				3F5C022720ABD024001B8DAF /* MapViewController.m */,
			);
			path = "高德地图的集成使用";
			sourceTree = "<group>";
		};
		3F42D86920ABC83800A24CD4 /* Supporting Files */ = {
			isa = PBXGroup;
			children = (
				3F42D86A20ABC83800A24CD4 /* main.m */,
			);
			name = "Supporting Files";
			sourceTree = "<group>";
		};
		3F42D88220ABC83800A24CD4 /* 高德地图的集成使用Tests */ = {
			isa = PBXGroup;
			children = (
				3F42D88320ABC83800A24CD4 /* _________Tests.m */,
				3F42D88520ABC83800A24CD4 /* Info.plist */,
			);
			path = "高德地图的集成使用Tests";
			sourceTree = "<group>";
		};
		3F42D88D20ABC83800A24CD4 /* 高德地图的集成使用UITests */ = {
			isa = PBXGroup;
			children = (
				3F42D88E20ABC83800A24CD4 /* _________UITests.m */,
				3F42D89020ABC83800A24CD4 /* Info.plist */,
			);
			path = "高德地图的集成使用UITests";
			sourceTree = "<group>";
		};
		3F42D89E20ABC95C00A24CD4 /* Frameworks */ = {
			isa = PBXGroup;
			children = (
				3F5C022420ABCF5F001B8DAF /* AdSupport.framework */,
				3F5C022220ABCF53001B8DAF /* QuartzCore.framework */,
				3F5C022020ABCF4B001B8DAF /* CoreGraphics.framework */,
				3F5C021E20ABCF3D001B8DAF /* Foundation.framework */,
				3F5C021C20ABCF30001B8DAF /* UIKit.framework */,
				3F42D8AD20ABC9B900A24CD4 /* libstdc++.6.0.9.tbd */,
				3F42D8AB20ABC9AA00A24CD4 /* libc++.tbd */,
				3F42D8A920ABC99C00A24CD4 /* libz.tbd */,
				3F42D8A720ABC97B00A24CD4 /* Security.framework */,
				3F42D8A520ABC97300A24CD4 /* CoreLocation.framework */,
				3F42D8A320ABC96C00A24CD4 /* CoreTelephony.framework */,
				3F42D8A120ABC96400A24CD4 /* SystemConfiguration.framework */,
				3F42D89F20ABC95C00A24CD4 /* JavaScriptCore.framework */,
			);
			name = Frameworks;
			sourceTree = "<group>";
		};
/* End PBXGroup section */

/* Begin PBXNativeTarget section */
		3F42D86520ABC83800A24CD4 /* 高德地图的集成使用 */ = {
			isa = PBXNativeTarget;
			buildConfigurationList = 3F42D89320ABC83800A24CD4 /* Build configuration list for PBXNativeTarget "高德地图的集成使用" */;
			buildPhases = (
				3F42D86220ABC83800A24CD4 /* Sources */,
				3F42D86320ABC83800A24CD4 /* Frameworks */,
				3F42D86420ABC83800A24CD4 /* Resources */,
			);
			buildRules = (
			);
			dependencies = (
			);
			name = "高德地图的集成使用";
			productName = "高德地图的集成使用";
			productReference = 3F42D86620ABC83800A24CD4 /* 高德地图的集成使用.app */;
			productType = "com.apple.product-type.application";
		};
		3F42D87E20ABC83800A24CD4 /* 高德地图的集成使用Tests */ = {
			isa = PBXNativeTarget;
			buildConfigurationList = 3F42D89620ABC83800A24CD4 /* Build configuration list for PBXNativeTarget "高德地图的集成使用Tests" */;
			buildPhases = (
				3F42D87B20ABC83800A24CD4 /* Sources */,
				3F42D87C20ABC83800A24CD4 /* Frameworks */,
				3F42D87D20ABC83800A24CD4 /* Resources */,
			);
			buildRules = (
			);
			dependencies = (
				3F42D88120ABC83800A24CD4 /* PBXTargetDependency */,
			);
			name = "高德地图的集成使用Tests";
			productName = "高德地图的集成使用Tests";
			productReference = 3F42D87F20ABC83800A24CD4 /* 高德地图的集成使用Tests.xctest */;
			productType = "com.apple.product-type.bundle.unit-test";
		};
		3F42D88920ABC83800A24CD4 /* 高德地图的集成使用UITests */ = {
			isa = PBXNativeTarget;
			buildConfigurationList = 3F42D89920ABC83800A24CD4 /* Build configuration list for PBXNativeTarget "高德地图的集成使用UITests" */;
			buildPhases = (
				3F42D88620ABC83800A24CD4 /* Sources */,
				3F42D88720ABC83800A24CD4 /* Frameworks */,
				3F42D88820ABC83800A24CD4 /* Resources */,
			);
			buildRules = (
			);
			dependencies = (
				3F42D88C20ABC83800A24CD4 /* PBXTargetDependency */,
			);
			name = "高德地图的集成使用UITests";
			productName = "高德地图的集成使用UITests";
			productReference = 3F42D88A20ABC83800A24CD4 /* 高德地图的集成使用UITests.xctest */;
			productType = "com.apple.product-type.bundle.ui-testing";
		};
/* End PBXNativeTarget section */

/* Begin PBXProject section */
		3F42D85E20ABC83800A24CD4 /* Project object */ = {
			isa = PBXProject;
			attributes = {
				LastUpgradeCheck = 0830;
				ORGANIZATIONNAME = student;
				TargetAttributes = {
					3F42D86520ABC83800A24CD4 = {
						CreatedOnToolsVersion = 8.3;
						DevelopmentTeam = Z55FN6W3PH;
						ProvisioningStyle = Automatic;
					};
					3F42D87E20ABC83800A24CD4 = {
						CreatedOnToolsVersion = 8.3;
						ProvisioningStyle = Automatic;
						TestTargetID = 3F42D86520ABC83800A24CD4;
					};
					3F42D88920ABC83800A24CD4 = {
						CreatedOnToolsVersion = 8.3;
						ProvisioningStyle = Automatic;
						TestTargetID = 3F42D86520ABC83800A24CD4;
					};
				};
			};
			buildConfigurationList = 3F42D86120ABC83800A24CD4 /* Build configuration list for PBXProject "高德地图的集成使用" */;
			compatibilityVersion = "Xcode 3.2";
			developmentRegion = English;
			hasScannedForEncodings = 0;
			knownRegions = (
				en,
				Base,
			);
			mainGroup = 3F42D85D20ABC83800A24CD4;
			productRefGroup = 3F42D86720ABC83800A24CD4 /* Products */;
			projectDirPath = "";
			projectRoot = "";
			targets = (
				3F42D86520ABC83800A24CD4 /* 高德地图的集成使用 */,
				3F42D87E20ABC83800A24CD4 /* 高德地图的集成使用Tests */,
				3F42D88920ABC83800A24CD4 /* 高德地图的集成使用UITests */,
			);
		};
/* End PBXProject section */

/* Begin PBXResourcesBuildPhase section */
		3F42D86420ABC83800A24CD4 /* Resources */ = {
			isa = PBXResourcesBuildPhase;
			buildActionMask = 2147483647;
			files = (
				3F42D87920ABC83800A24CD4 /* LaunchScreen.storyboard in Resources */,
				3F42D87620ABC83800A24CD4 /* Assets.xcassets in Resources */,
				3F5C021B20ABCEF9001B8DAF /* AMap.bundle in Resources */,
				3F42D87420ABC83800A24CD4 /* Main.storyboard in Resources */,
			);
			runOnlyForDeploymentPostprocessing = 0;
		};
		3F42D87D20ABC83800A24CD4 /* Resources */ = {
			isa = PBXResourcesBuildPhase;
			buildActionMask = 2147483647;
			files = (
			);
			runOnlyForDeploymentPostprocessing = 0;
		};
		3F42D88820ABC83800A24CD4 /* Resources */ = {
			isa = PBXResourcesBuildPhase;
			buildActionMask = 2147483647;
			files = (
			);
			runOnlyForDeploymentPostprocessing = 0;
		};
/* End PBXResourcesBuildPhase section */

/* Begin PBXSourcesBuildPhase section */
		3F42D86220ABC83800A24CD4 /* Sources */ = {
			isa = PBXSourcesBuildPhase;
			buildActionMask = 2147483647;
			files = (
				3F42D87120ABC83800A24CD4 /* ViewController.m in Sources */,
				3F42D86E20ABC83800A24CD4 /* AppDelegate.m in Sources */,
				3F42D86B20ABC83800A24CD4 /* main.m in Sources */,
				3F5C022820ABD024001B8DAF /* MapViewController.m in Sources */,
				3F030A1F20AE504600D83438 /* POIViewController.m in Sources */,
			);
			runOnlyForDeploymentPostprocessing = 0;
		};
		3F42D87B20ABC83800A24CD4 /* Sources */ = {
			isa = PBXSourcesBuildPhase;
			buildActionMask = 2147483647;
			files = (
				3F42D88420ABC83800A24CD4 /* _________Tests.m in Sources */,
			);
			runOnlyForDeploymentPostprocessing = 0;
		};
		3F42D88620ABC83800A24CD4 /* Sources */ = {
			isa = PBXSourcesBuildPhase;
			buildActionMask = 2147483647;
			files = (
				3F42D88F20ABC83800A24CD4 /* _________UITests.m in Sources */,
			);
			runOnlyForDeploymentPostprocessing = 0;
		};
/* End PBXSourcesBuildPhase section */

/* Begin PBXTargetDependency section */
		3F42D88120ABC83800A24CD4 /* PBXTargetDependency */ = {
			isa = PBXTargetDependency;
			target = 3F42D86520ABC83800A24CD4 /* 高德地图的集成使用 */;
			targetProxy = 3F42D88020ABC83800A24CD4 /* PBXContainerItemProxy */;
		};
		3F42D88C20ABC83800A24CD4 /* PBXTargetDependency */ = {
			isa = PBXTargetDependency;
			target = 3F42D86520ABC83800A24CD4 /* 高德地图的集成使用 */;
			targetProxy = 3F42D88B20ABC83800A24CD4 /* PBXContainerItemProxy */;
		};
/* End PBXTargetDependency section */

/* Begin PBXVariantGroup section */
		3F42D87220ABC83800A24CD4 /* Main.storyboard */ = {
			isa = PBXVariantGroup;
			children = (
				3F42D87320ABC83800A24CD4 /* Base */,
			);
			name = Main.storyboard;
			sourceTree = "<group>";
		};
		3F42D87720ABC83800A24CD4 /* LaunchScreen.storyboard */ = {
			isa = PBXVariantGroup;
			children = (
				3F42D87820ABC83800A24CD4 /* Base */,
			);
			name = LaunchScreen.storyboard;
			sourceTree = "<group>";
		};
/* End PBXVariantGroup section */

/* Begin XCBuildConfiguration section */
		3F42D89120ABC83800A24CD4 /* Debug */ = {
			isa = XCBuildConfiguration;
			buildSettings = {
				ALWAYS_SEARCH_USER_PATHS = NO;
				CLANG_ANALYZER_NONNULL = YES;
				CLANG_ANALYZER_NUMBER_OBJECT_CONVERSION = YES_AGGRESSIVE;
				CLANG_CXX_LANGUAGE_STANDARD = "gnu++0x";
				CLANG_CXX_LIBRARY = "libc++";
				CLANG_ENABLE_MODULES = YES;
				CLANG_ENABLE_OBJC_ARC = YES;
				CLANG_WARN_BOOL_CONVERSION = YES;
				CLANG_WARN_CONSTANT_CONVERSION = YES;
				CLANG_WARN_DIRECT_OBJC_ISA_USAGE = YES_ERROR;
				CLANG_WARN_DOCUMENTATION_COMMENTS = YES;
				CLANG_WARN_EMPTY_BODY = YES;
				CLANG_WARN_ENUM_CONVERSION = YES;
				CLANG_WARN_INFINITE_RECURSION = YES;
				CLANG_WARN_INT_CONVERSION = YES;
				CLANG_WARN_OBJC_ROOT_CLASS = YES_ERROR;
				CLANG_WARN_SUSPICIOUS_MOVE = YES;
				CLANG_WARN_UNREACHABLE_CODE = YES;
				CLANG_WARN__DUPLICATE_METHOD_MATCH = YES;
				"CODE_SIGN_IDENTITY[sdk=iphoneos*]" = "iPhone Developer";
				COPY_PHASE_STRIP = NO;
				DEBUG_INFORMATION_FORMAT = dwarf;
				ENABLE_STRICT_OBJC_MSGSEND = YES;
				ENABLE_TESTABILITY = YES;
				GCC_C_LANGUAGE_STANDARD = gnu99;
				GCC_DYNAMIC_NO_PIC = NO;
				GCC_NO_COMMON_BLOCKS = YES;
				GCC_OPTIMIZATION_LEVEL = 0;
				GCC_PREPROCESSOR_DEFINITIONS = (
					"DEBUG=1",
					"$(inherited)",
				);
				GCC_WARN_64_TO_32_BIT_CONVERSION = YES;
				GCC_WARN_ABOUT_RETURN_TYPE = YES_ERROR;
				GCC_WARN_UNDECLARED_SELECTOR = YES;
				GCC_WARN_UNINITIALIZED_AUTOS = YES_AGGRESSIVE;
				GCC_WARN_UNUSED_FUNCTION = YES;
				GCC_WARN_UNUSED_VARIABLE = YES;
				IPHONEOS_DEPLOYMENT_TARGET = 10.3;
				MTL_ENABLE_DEBUG_INFO = YES;
				ONLY_ACTIVE_ARCH = YES;
				SDKROOT = iphoneos;
				TARGETED_DEVICE_FAMILY = "1,2";
			};
			name = Debug;
		};
		3F42D89220ABC83800A24CD4 /* Release */ = {
			isa = XCBuildConfiguration;
			buildSettings = {
				ALWAYS_SEARCH_USER_PATHS = NO;
				CLANG_ANALYZER_NONNULL = YES;
				CLANG_ANALYZER_NUMBER_OBJECT_CONVERSION = YES_AGGRESSIVE;
				CLANG_CXX_LANGUAGE_STANDARD = "gnu++0x";
				CLANG_CXX_LIBRARY = "libc++";
				CLANG_ENABLE_MODULES = YES;
				CLANG_ENABLE_OBJC_ARC = YES;
				CLANG_WARN_BOOL_CONVERSION = YES;
				CLANG_WARN_CONSTANT_CONVERSION = YES;
				CLANG_WARN_DIRECT_OBJC_ISA_USAGE = YES_ERROR;
				CLANG_WARN_DOCUMENTATION_COMMENTS = YES;
				CLANG_WARN_EMPTY_BODY = YES;
				CLANG_WARN_ENUM_CONVERSION = YES;
				CLANG_WARN_INFINITE_RECURSION = YES;
				CLANG_WARN_INT_CONVERSION = YES;
				CLANG_WARN_OBJC_ROOT_CLASS = YES_ERROR;
				CLANG_WARN_SUSPICIOUS_MOVE = YES;
				CLANG_WARN_UNREACHABLE_CODE = YES;
				CLANG_WARN__DUPLICATE_METHOD_MATCH = YES;
				"CODE_SIGN_IDENTITY[sdk=iphoneos*]" = "iPhone Developer";
				COPY_PHASE_STRIP = NO;
				DEBUG_INFORMATION_FORMAT = "dwarf-with-dsym";
				ENABLE_NS_ASSERTIONS = NO;
				ENABLE_STRICT_OBJC_MSGSEND = YES;
				GCC_C_LANGUAGE_STANDARD = gnu99;
				GCC_NO_COMMON_BLOCKS = YES;
				GCC_WARN_64_TO_32_BIT_CONVERSION = YES;
				GCC_WARN_ABOUT_RETURN_TYPE = YES_ERROR;
				GCC_WARN_UNDECLARED_SELECTOR = YES;
				GCC_WARN_UNINITIALIZED_AUTOS = YES_AGGRESSIVE;
				GCC_WARN_UNUSED_FUNCTION = YES;
				GCC_WARN_UNUSED_VARIABLE = YES;
				IPHONEOS_DEPLOYMENT_TARGET = 10.3;
				MTL_ENABLE_DEBUG_INFO = NO;
				SDKROOT = iphoneos;
				TARGETED_DEVICE_FAMILY = "1,2";
				VALIDATE_PRODUCT = YES;
			};
			name = Release;
		};
		3F42D89420ABC83800A24CD4 /* Debug */ = {
			isa = XCBuildConfiguration;
			buildSettings = {
				ASSETCATALOG_COMPILER_APPICON_NAME = AppIcon;
				DEVELOPMENT_TEAM = Z55FN6W3PH;
				FRAMEWORK_SEARCH_PATHS = (
					"$(inherited)",
					"$(PROJECT_DIR)/高德地图的集成使用",
				);
				INFOPLIST_FILE = "高德地图的集成使用/Info.plist";
				IPHONEOS_DEPLOYMENT_TARGET = 9.3;
				LD_RUNPATH_SEARCH_PATHS = "$(inherited) @executable_path/Frameworks";
				PRODUCT_BUNDLE_IDENTIFIER = cn.edu.abc.amapDemo;
				PRODUCT_NAME = "$(TARGET_NAME)";
			};
			name = Debug;
		};
		3F42D89520ABC83800A24CD4 /* Release */ = {
			isa = XCBuildConfiguration;
			buildSettings = {
				ASSETCATALOG_COMPILER_APPICON_NAME = AppIcon;
				DEVELOPMENT_TEAM = Z55FN6W3PH;
				FRAMEWORK_SEARCH_PATHS = (
					"$(inherited)",
					"$(PROJECT_DIR)/高德地图的集成使用",
				);
				INFOPLIST_FILE = "高德地图的集成使用/Info.plist";
				IPHONEOS_DEPLOYMENT_TARGET = 9.3;
				LD_RUNPATH_SEARCH_PATHS = "$(inherited) @executable_path/Frameworks";
				PRODUCT_BUNDLE_IDENTIFIER = cn.edu.abc.amapDemo;
				PRODUCT_NAME = "$(TARGET_NAME)";
			};
			name = Release;
		};
		3F42D89720ABC83800A24CD4 /* Debug */ = {
			isa = XCBuildConfiguration;
			buildSettings = {
				BUNDLE_LOADER = "$(TEST_HOST)";
				INFOPLIST_FILE = "高德地图的集成使用Tests/Info.plist";
				LD_RUNPATH_SEARCH_PATHS = "$(inherited) @executable_path/Frameworks @loader_path/Frameworks";
				PRODUCT_BUNDLE_IDENTIFIER = "cn.edu.abc.---------Tests";
				PRODUCT_NAME = "$(TARGET_NAME)";
				TEST_HOST = "$(BUILT_PRODUCTS_DIR)/高德地图的集成使用.app/高德地图的集成使用";
			};
			name = Debug;
		};
		3F42D89820ABC83800A24CD4 /* Release */ = {
			isa = XCBuildConfiguration;
			buildSettings = {
				BUNDLE_LOADER = "$(TEST_HOST)";
				INFOPLIST_FILE = "高德地图的集成使用Tests/Info.plist";
				LD_RUNPATH_SEARCH_PATHS = "$(inherited) @executable_path/Frameworks @loader_path/Frameworks";
				PRODUCT_BUNDLE_IDENTIFIER = "cn.edu.abc.---------Tests";
				PRODUCT_NAME = "$(TARGET_NAME)";
				TEST_HOST = "$(BUILT_PRODUCTS_DIR)/高德地图的集成使用.app/高德地图的集成使用";
			};
			name = Release;
		};
		3F42D89A20ABC83800A24CD4 /* Debug */ = {
			isa = XCBuildConfiguration;
			buildSettings = {
				INFOPLIST_FILE = "高德地图的集成使用UITests/Info.plist";
				LD_RUNPATH_SEARCH_PATHS = "$(inherited) @executable_path/Frameworks @loader_path/Frameworks";
				PRODUCT_BUNDLE_IDENTIFIER = "cn.edu.abc.---------UITests";
				PRODUCT_NAME = "$(TARGET_NAME)";
				TEST_TARGET_NAME = "高德地图的集成使用";
			};
			name = Debug;
		};
		3F42D89B20ABC83800A24CD4 /* Release */ = {
			isa = XCBuildConfiguration;
			buildSettings = {
				INFOPLIST_FILE = "高德地图的集成使用UITests/Info.plist";
				LD_RUNPATH_SEARCH_PATHS = "$(inherited) @executable_path/Frameworks @loader_path/Frameworks";
				PRODUCT_BUNDLE_IDENTIFIER = "cn.edu.abc.---------UITests";
				PRODUCT_NAME = "$(TARGET_NAME)";
				TEST_TARGET_NAME = "高德地图的集成使用";
			};
			name = Release;
		};
/* End XCBuildConfiguration section */

/* Begin XCConfigurationList section */
		3F42D86120ABC83800A24CD4 /* Build configuration list for PBXProject "高德地图的集成使用" */ = {
			isa = XCConfigurationList;
			buildConfigurations = (
				3F42D89120ABC83800A24CD4 /* Debug */,
				3F42D89220ABC83800A24CD4 /* Release */,
			);
			defaultConfigurationIsVisible = 0;
			defaultConfigurationName = Release;
		};
		3F42D89320ABC83800A24CD4 /* Build configuration list for PBXNativeTarget "高德地图的集成使用" */ = {
			isa = XCConfigurationList;
			buildConfigurations = (
				3F42D89420ABC83800A24CD4 /* Debug */,
				3F42D89520ABC83800A24CD4 /* Release */,
			);
			defaultConfigurationIsVisible = 0;
			defaultConfigurationName = Release;
		};
		3F42D89620ABC83800A24CD4 /* Build configuration list for PBXNativeTarget "高德地图的集成使用Tests" */ = {
			isa = XCConfigurationList;
			buildConfigurations = (
				3F42D89720ABC83800A24CD4 /* Debug */,
				3F42D89820ABC83800A24CD4 /* Release */,
			);
			defaultConfigurationIsVisible = 0;
			defaultConfigurationName = Release;
		};
		3F42D89920ABC83800A24CD4 /* Build configuration list for PBXNativeTarget "高德地图的集成使用UITests" */ = {
			isa = XCConfigurationList;
			buildConfigurations = (
				3F42D89A20ABC83800A24CD4 /* Debug */,
				3F42D89B20ABC83800A24CD4 /* Release */,
			);
			defaultConfigurationIsVisible = 0;
			defaultConfigurationName = Release;
		};
/* End XCConfigurationList section */
	};
	rootObject = 3F42D85E20ABC83800A24CD4 /* Project object */;
}
