// !$*UTF8*$!
{
	archiveVersion = 1;
	classes = {
	};
	objectVersion = 46;
	objects = {

/* Begin PBXBuildFile section */
		218576B1601255C26F7EBE0A /* libPods-集成高德地图.a in Frameworks */ = {isa = PBXBuildFile; fileRef = B921C598C3BE67628D6F1E1F /* libPods-集成高德地图.a */; };
		AEEB6A841EB08A9B00243375 /* main.m in Sources */ = {isa = PBXBuildFile; fileRef = AEEB6A831EB08A9B00243375 /* main.m */; };
		AEEB6A871EB08A9B00243375 /* AppDelegate.m in Sources */ = {isa = PBXBuildFile; fileRef = AEEB6A861EB08A9B00243375 /* AppDelegate.m */; };
		AEEB6A8A1EB08A9B00243375 /* ViewController.m in Sources */ = {isa = PBXBuildFile; fileRef = AEEB6A891EB08A9B00243375 /* ViewController.m */; };
		AEEB6A8D1EB08A9B00243375 /* Main.storyboard in Resources */ = {isa = PBXBuildFile; fileRef = AEEB6A8B1EB08A9B00243375 /* Main.storyboard */; };
		AEEB6A8F1EB08A9B00243375 /* Assets.xcassets in Resources */ = {isa = PBXBuildFile; fileRef = AEEB6A8E1EB08A9B00243375 /* Assets.xcassets */; };
		AEEB6A921EB08A9B00243375 /* LaunchScreen.storyboard in Resources */ = {isa = PBXBuildFile; fileRef = AEEB6A901EB08A9B00243375 /* LaunchScreen.storyboard */; };
/* End PBXBuildFile section */

/* Begin PBXFileReference section */
		09CAA6804388FE9F11DA2A35 /* Pods-集成高德地图.release.xcconfig */ = {isa = PBXFileReference; includeInIndex = 1; lastKnownFileType = text.xcconfig; name = "Pods-集成高德地图.release.xcconfig"; path = "Pods/Target Support Files/Pods-集成高德地图/Pods-集成高德地图.release.xcconfig"; sourceTree = "<group>"; };
		4F1478788D7A31E540466AC6 /* Pods-集成高德地图.debug.xcconfig */ = {isa = PBXFileReference; includeInIndex = 1; lastKnownFileType = text.xcconfig; name = "Pods-集成高德地图.debug.xcconfig"; path = "Pods/Target Support Files/Pods-集成高德地图/Pods-集成高德地图.debug.xcconfig"; sourceTree = "<group>"; };
		AEEB6A7F1EB08A9B00243375 /* 集成高德地图.app */ = {isa = PBXFileReference; explicitFileType = wrapper.application; includeInIndex = 0; path = "集成高德地图.app"; sourceTree = BUILT_PRODUCTS_DIR; };
		AEEB6A831EB08A9B00243375 /* main.m */ = {isa = PBXFileReference; lastKnownFileType = sourcecode.c.objc; path = main.m; sourceTree = "<group>"; };
		AEEB6A851EB08A9B00243375 /* AppDelegate.h */ = {isa = PBXFileReference; lastKnownFileType = sourcecode.c.h; path = AppDelegate.h; sourceTree = "<group>"; };
		AEEB6A861EB08A9B00243375 /* AppDelegate.m */ = {isa = PBXFileReference; lastKnownFileType = sourcecode.c.objc; path = AppDelegate.m; sourceTree = "<group>"; };
		AEEB6A881EB08A9B00243375 /* ViewController.h */ = {isa = PBXFileReference; lastKnownFileType = sourcecode.c.h; path = ViewController.h; sourceTree = "<group>"; };
		AEEB6A891EB08A9B00243375 /* ViewController.m */ = {isa = PBXFileReference; lastKnownFileType = sourcecode.c.objc; path = ViewController.m; sourceTree = "<group>"; };
		AEEB6A8C1EB08A9B00243375 /* Base */ = {isa = PBXFileReference; lastKnownFileType = file.storyboard; name = Base; path = Base.lproj/Main.storyboard; sourceTree = "<group>"; };
		AEEB6A8E1EB08A9B00243375 /* Assets.xcassets */ = {isa = PBXFileReference; lastKnownFileType = folder.assetcatalog; path = Assets.xcassets; sourceTree = "<group>"; };
		AEEB6A911EB08A9B00243375 /* Base */ = {isa = PBXFileReference; lastKnownFileType = file.storyboard; name = Base; path = Base.lproj/LaunchScreen.storyboard; sourceTree = "<group>"; };
		AEEB6A931EB08A9C00243375 /* Info.plist */ = {isa = PBXFileReference; lastKnownFileType = text.plist.xml; path = Info.plist; sourceTree = "<group>"; };
		B921C598C3BE67628D6F1E1F /* libPods-集成高德地图.a */ = {isa = PBXFileReference; explicitFileType = archive.ar; includeInIndex = 0; path = "libPods-集成高德地图.a"; sourceTree = BUILT_PRODUCTS_DIR; };
/* End PBXFileReference section */

/* Begin PBXFrameworksBuildPhase section */
		AEEB6A7C1EB08A9B00243375 /* Frameworks */ = {
			isa = PBXFrameworksBuildPhase;
			buildActionMask = 2147483647;
			files = (
				218576B1601255C26F7EBE0A /* libPods-集成高德地图.a in Frameworks */,
			);
			runOnlyForDeploymentPostprocessing = 0;
		};
/* End PBXFrameworksBuildPhase section */

/* Begin PBXGroup section */
		8463D7F3657191252B825A4A /* Frameworks */ = {
			isa = PBXGroup;
			children = (
				B921C598C3BE67628D6F1E1F /* libPods-集成高德地图.a */,
			);
			name = Frameworks;
			sourceTree = "<group>";
		};
		AEEB6A761EB08A9B00243375 = {
			isa = PBXGroup;
			children = (
				AEEB6A811EB08A9B00243375 /* 集成高德地图 */,
				AEEB6A801EB08A9B00243375 /* Products */,
				E49AA2022F724496045EEE11 /* Pods */,
				8463D7F3657191252B825A4A /* Frameworks */,
			);
			sourceTree = "<group>";
		};
		AEEB6A801EB08A9B00243375 /* Products */ = {
			isa = PBXGroup;
			children = (
				AEEB6A7F1EB08A9B00243375 /* 集成高德地图.app */,
			);
			name = Products;
			sourceTree = "<group>";
		};
		AEEB6A811EB08A9B00243375 /* 集成高德地图 */ = {
			isa = PBXGroup;
			children = (
				AEEB6A851EB08A9B00243375 /* AppDelegate.h */,
				AEEB6A861EB08A9B00243375 /* AppDelegate.m */,
				AEEB6A881EB08A9B00243375 /* ViewController.h */,
				AEEB6A891EB08A9B00243375 /* ViewController.m */,
				AEEB6A8B1EB08A9B00243375 /* Main.storyboard */,
				AEEB6A8E1EB08A9B00243375 /* Assets.xcassets */,
				AEEB6A901EB08A9B00243375 /* LaunchScreen.storyboard */,
				AEEB6A931EB08A9C00243375 /* Info.plist */,
				AEEB6A821EB08A9B00243375 /* Supporting Files */,
			);
			path = "集成高德地图";
			sourceTree = "<group>";
		};
		AEEB6A821EB08A9B00243375 /* Supporting Files */ = {
			isa = PBXGroup;
			children = (
				AEEB6A831EB08A9B00243375 /* main.m */,
			);
			name = "Supporting Files";
			sourceTree = "<group>";
		};
		E49AA2022F724496045EEE11 /* Pods */ = {
			isa = PBXGroup;
			children = (
				4F1478788D7A31E540466AC6 /* Pods-集成高德地图.debug.xcconfig */,
				09CAA6804388FE9F11DA2A35 /* Pods-集成高德地图.release.xcconfig */,
			);
			name = Pods;
			sourceTree = "<group>";
		};
/* End PBXGroup section */

/* Begin PBXNativeTarget section */
		AEEB6A7E1EB08A9B00243375 /* 集成高德地图 */ = {
			isa = PBXNativeTarget;
			buildConfigurationList = AEEB6A961EB08A9C00243375 /* Build configuration list for PBXNativeTarget "集成高德地图" */;
			buildPhases = (
				4EAC6F708B313C11EDD8FDEC /* [CP] Check Pods Manifest.lock */,
				AEEB6A7B1EB08A9B00243375 /* Sources */,
				AEEB6A7C1EB08A9B00243375 /* Frameworks */,
				AEEB6A7D1EB08A9B00243375 /* Resources */,
				1DAA80605620F1387660A906 /* [CP] Embed Pods Frameworks */,
				AB038EBBFB423D0BCC0D5B23 /* [CP] Copy Pods Resources */,
			);
			buildRules = (
			);
			dependencies = (
			);
			name = "集成高德地图";
			productName = "集成高德地图";
			productReference = AEEB6A7F1EB08A9B00243375 /* 集成高德地图.app */;
			productType = "com.apple.product-type.application";
		};
/* End PBXNativeTarget section */

/* Begin PBXProject section */
		AEEB6A771EB08A9B00243375 /* Project object */ = {
			isa = PBXProject;
			attributes = {
				LastUpgradeCheck = 0730;
				ORGANIZATIONNAME = "安徽商贸职业技术学院";
				TargetAttributes = {
					AEEB6A7E1EB08A9B00243375 = {
						CreatedOnToolsVersion = 7.3.1;
						DevelopmentTeam = Z55FN6W3PH;
						SystemCapabilities = {
							com.apple.BackgroundModes = {
								enabled = 1;
							};
						};
					};
				};
			};
			buildConfigurationList = AEEB6A7A1EB08A9B00243375 /* Build configuration list for PBXProject "集成高德地图" */;
			compatibilityVersion = "Xcode 3.2";
			developmentRegion = English;
			hasScannedForEncodings = 0;
			knownRegions = (
				en,
				Base,
			);
			mainGroup = AEEB6A761EB08A9B00243375;
			productRefGroup = AEEB6A801EB08A9B00243375 /* Products */;
			projectDirPath = "";
			projectRoot = "";
			targets = (
				AEEB6A7E1EB08A9B00243375 /* 集成高德地图 */,
			);
		};
/* End PBXProject section */

/* Begin PBXResourcesBuildPhase section */
		AEEB6A7D1EB08A9B00243375 /* Resources */ = {
			isa = PBXResourcesBuildPhase;
			buildActionMask = 2147483647;
			files = (
				AEEB6A921EB08A9B00243375 /* LaunchScreen.storyboard in Resources */,
				AEEB6A8F1EB08A9B00243375 /* Assets.xcassets in Resources */,
				AEEB6A8D1EB08A9B00243375 /* Main.storyboard in Resources */,
			);
			runOnlyForDeploymentPostprocessing = 0;
		};
/* End PBXResourcesBuildPhase section */

/* Begin PBXShellScriptBuildPhase section */
		1DAA80605620F1387660A906 /* [CP] Embed Pods Frameworks */ = {
			isa = PBXShellScriptBuildPhase;
			buildActionMask = 2147483647;
			files = (
			);
			inputPaths = (
			);
			name = "[CP] Embed Pods Frameworks";
			outputPaths = (
			);
			runOnlyForDeploymentPostprocessing = 0;
			shellPath = /bin/sh;
			shellScript = "\"${SRCROOT}/Pods/Target Support Files/Pods-集成高德地图/Pods-集成高德地图-frameworks.sh\"\n";
			showEnvVarsInLog = 0;
		};
		4EAC6F708B313C11EDD8FDEC /* [CP] Check Pods Manifest.lock */ = {
			isa = PBXShellScriptBuildPhase;
			buildActionMask = 2147483647;
			files = (
			);
			inputPaths = (
			);
			name = "[CP] Check Pods Manifest.lock";
			outputPaths = (
			);
			runOnlyForDeploymentPostprocessing = 0;
			shellPath = /bin/sh;
			shellScript = "diff \"${PODS_PODFILE_DIR_PATH}/Podfile.lock\" \"${PODS_ROOT}/Manifest.lock\" > /dev/null\nif [ $? != 0 ] ; then\n    # print error to STDERR\n    echo \"error: The sandbox is not in sync with the Podfile.lock. Run 'pod install' or update your CocoaPods installation.\" >&2\n    exit 1\nfi\n";
			showEnvVarsInLog = 0;
		};
		AB038EBBFB423D0BCC0D5B23 /* [CP] Copy Pods Resources */ = {
			isa = PBXShellScriptBuildPhase;
			buildActionMask = 2147483647;
			files = (
			);
			inputPaths = (
			);
			name = "[CP] Copy Pods Resources";
			outputPaths = (
			);
			runOnlyForDeploymentPostprocessing = 0;
			shellPath = /bin/sh;
			shellScript = "\"${SRCROOT}/Pods/Target Support Files/Pods-集成高德地图/Pods-集成高德地图-resources.sh\"\n";
			showEnvVarsInLog = 0;
		};
/* End PBXShellScriptBuildPhase section */

/* Begin PBXSourcesBuildPhase section */
		AEEB6A7B1EB08A9B00243375 /* Sources */ = {
			isa = PBXSourcesBuildPhase;
			buildActionMask = 2147483647;
			files = (
				AEEB6A8A1EB08A9B00243375 /* ViewController.m in Sources */,
				AEEB6A871EB08A9B00243375 /* AppDelegate.m in Sources */,
				AEEB6A841EB08A9B00243375 /* main.m in Sources */,
			);
			runOnlyForDeploymentPostprocessing = 0;
		};
/* End PBXSourcesBuildPhase section */

/* Begin PBXVariantGroup section */
		AEEB6A8B1EB08A9B00243375 /* Main.storyboard */ = {
			isa = PBXVariantGroup;
			children = (
				AEEB6A8C1EB08A9B00243375 /* Base */,
			);
			name = Main.storyboard;
			sourceTree = "<group>";
		};
		AEEB6A901EB08A9B00243375 /* LaunchScreen.storyboard */ = {
			isa = PBXVariantGroup;
			children = (
				AEEB6A911EB08A9B00243375 /* Base */,
			);
			name = LaunchScreen.storyboard;
			sourceTree = "<group>";
		};
/* End PBXVariantGroup section */

/* Begin XCBuildConfiguration section */
		AEEB6A941EB08A9C00243375 /* Debug */ = {
			isa = XCBuildConfiguration;
			buildSettings = {
				ALWAYS_SEARCH_USER_PATHS = NO;
				CLANG_ANALYZER_NONNULL = YES;
				CLANG_CXX_LANGUAGE_STANDARD = "gnu++0x";
				CLANG_CXX_LIBRARY = "libc++";
				CLANG_ENABLE_MODULES = YES;
				CLANG_ENABLE_OBJC_ARC = YES;
				CLANG_WARN_BOOL_CONVERSION = YES;
				CLANG_WARN_CONSTANT_CONVERSION = YES;
				CLANG_WARN_DIRECT_OBJC_ISA_USAGE = YES_ERROR;
				CLANG_WARN_EMPTY_BODY = YES;
				CLANG_WARN_ENUM_CONVERSION = YES;
				CLANG_WARN_INT_CONVERSION = YES;
				CLANG_WARN_OBJC_ROOT_CLASS = YES_ERROR;
				CLANG_WARN_UNREACHABLE_CODE = YES;
				CLANG_WARN__DUPLICATE_METHOD_MATCH = YES;
				"CODE_SIGN_IDENTITY[sdk=iphoneos*]" = "iPhone Developer";
				COPY_PHASE_STRIP = NO;
				DEBUG_INFORMATION_FORMAT = dwarf;
				ENABLE_STRICT_OBJC_MSGSEND = YES;
				ENABLE_TESTABILITY = YES;
				GCC_C_LANGUAGE_STANDARD = gnu99;
				GCC_DYNAMIC_NO_PIC = NO;
				GCC_NO_COMMON_BLOCKS = YES;
				GCC_OPTIMIZATION_LEVEL = 0;
				GCC_PREPROCESSOR_DEFINITIONS = (
					"DEBUG=1",
					"$(inherited)",
				);
				GCC_WARN_64_TO_32_BIT_CONVERSION = YES;
				GCC_WARN_ABOUT_RETURN_TYPE = YES_ERROR;
				GCC_WARN_UNDECLARED_SELECTOR = YES;
				GCC_WARN_UNINITIALIZED_AUTOS = YES_AGGRESSIVE;
				GCC_WARN_UNUSED_FUNCTION = YES;
				GCC_WARN_UNUSED_VARIABLE = YES;
				IPHONEOS_DEPLOYMENT_TARGET = 8.4;
				MTL_ENABLE_DEBUG_INFO = YES;
				ONLY_ACTIVE_ARCH = YES;
				SDKROOT = iphoneos;
			};
			name = Debug;
		};
		AEEB6A951EB08A9C00243375 /* Release */ = {
			isa = XCBuildConfiguration;
			buildSettings = {
				ALWAYS_SEARCH_USER_PATHS = NO;
				CLANG_ANALYZER_NONNULL = YES;
				CLANG_CXX_LANGUAGE_STANDARD = "gnu++0x";
				CLANG_CXX_LIBRARY = "libc++";
				CLANG_ENABLE_MODULES = YES;
				CLANG_ENABLE_OBJC_ARC = YES;
				CLANG_WARN_BOOL_CONVERSION = YES;
				CLANG_WARN_CONSTANT_CONVERSION = YES;
				CLANG_WARN_DIRECT_OBJC_ISA_USAGE = YES_ERROR;
				CLANG_WARN_EMPTY_BODY = YES;
				CLANG_WARN_ENUM_CONVERSION = YES;
				CLANG_WARN_INT_CONVERSION = YES;
				CLANG_WARN_OBJC_ROOT_CLASS = YES_ERROR;
				CLANG_WARN_UNREACHABLE_CODE = YES;
				CLANG_WARN__DUPLICATE_METHOD_MATCH = YES;
				"CODE_SIGN_IDENTITY[sdk=iphoneos*]" = "iPhone Developer";
				COPY_PHASE_STRIP = NO;
				DEBUG_INFORMATION_FORMAT = "dwarf-with-dsym";
				ENABLE_NS_ASSERTIONS = NO;
				ENABLE_STRICT_OBJC_MSGSEND = YES;
				GCC_C_LANGUAGE_STANDARD = gnu99;
				GCC_NO_COMMON_BLOCKS = YES;
				GCC_WARN_64_TO_32_BIT_CONVERSION = YES;
				GCC_WARN_ABOUT_RETURN_TYPE = YES_ERROR;
				GCC_WARN_UNDECLARED_SELECTOR = YES;
				GCC_WARN_UNINITIALIZED_AUTOS = YES_AGGRESSIVE;
				GCC_WARN_UNUSED_FUNCTION = YES;
				GCC_WARN_UNUSED_VARIABLE = YES;
				IPHONEOS_DEPLOYMENT_TARGET = 8.4;
				MTL_ENABLE_DEBUG_INFO = NO;
				SDKROOT = iphoneos;
				VALIDATE_PRODUCT = YES;
			};
			name = Release;
		};
		AEEB6A971EB08A9C00243375 /* Debug */ = {
			isa = XCBuildConfiguration;
			baseConfigurationReference = 4F1478788D7A31E540466AC6 /* Pods-集成高德地图.debug.xcconfig */;
			buildSettings = {
				ASSETCATALOG_COMPILER_APPICON_NAME = AppIcon;
				CODE_SIGN_IDENTITY = "iPhone Developer";
				"CODE_SIGN_IDENTITY[sdk=iphoneos*]" = "iPhone Developer";
				INFOPLIST_FILE = "集成高德地图/Info.plist";
				LD_RUNPATH_SEARCH_PATHS = "$(inherited) @executable_path/Frameworks";
				PRODUCT_BUNDLE_IDENTIFIER = cn.abc.edu.amapDemo;
				PRODUCT_NAME = "$(TARGET_NAME)";
				PROVISIONING_PROFILE = "";
			};
			name = Debug;
		};
		AEEB6A981EB08A9C00243375 /* Release */ = {
			isa = XCBuildConfiguration;
			baseConfigurationReference = 09CAA6804388FE9F11DA2A35 /* Pods-集成高德地图.release.xcconfig */;
			buildSettings = {
				ASSETCATALOG_COMPILER_APPICON_NAME = AppIcon;
				CODE_SIGN_IDENTITY = "iPhone Developer";
				"CODE_SIGN_IDENTITY[sdk=iphoneos*]" = "iPhone Developer";
				INFOPLIST_FILE = "集成高德地图/Info.plist";
				LD_RUNPATH_SEARCH_PATHS = "$(inherited) @executable_path/Frameworks";
				PRODUCT_BUNDLE_IDENTIFIER = cn.abc.edu.amapDemo;
				PRODUCT_NAME = "$(TARGET_NAME)";
				PROVISIONING_PROFILE = "";
			};
			name = Release;
		};
/* End XCBuildConfiguration section */

/* Begin XCConfigurationList section */
		AEEB6A7A1EB08A9B00243375 /* Build configuration list for PBXProject "集成高德地图" */ = {
			isa = XCConfigurationList;
			buildConfigurations = (
				AEEB6A941EB08A9C00243375 /* Debug */,
				AEEB6A951EB08A9C00243375 /* Release */,
			);
			defaultConfigurationIsVisible = 0;
			defaultConfigurationName = Release;
		};
		AEEB6A961EB08A9C00243375 /* Build configuration list for PBXNativeTarget "集成高德地图" */ = {
			isa = XCConfigurationList;
			buildConfigurations = (
				AEEB6A971EB08A9C00243375 /* Debug */,
				AEEB6A981EB08A9C00243375 /* Release */,
			);
			defaultConfigurationIsVisible = 0;
			defaultConfigurationName = Release;
		};
/* End XCConfigurationList section */
	};
	rootObject = AEEB6A771EB08A9B00243375 /* Project object */;
}
