// !$*UTF8*$!
{
	archiveVersion = 1;
	classes = {
	};
	objectVersion = 46;
	objects = {

/* Begin PBXBuildFile section */
		AE9F9ABA1EC57538006740A8 /* main.m in Sources */ = {isa = PBXBuildFile; fileRef = AE9F9AB91EC57538006740A8 /* main.m */; };
		AE9F9ABD1EC57538006740A8 /* AppDelegate.m in Sources */ = {isa = PBXBuildFile; fileRef = AE9F9ABC1EC57538006740A8 /* AppDelegate.m */; };
		AE9F9AC01EC57538006740A8 /* ViewController.m in Sources */ = {isa = PBXBuildFile; fileRef = AE9F9ABF1EC57538006740A8 /* ViewController.m */; };
		AE9F9AC31EC57539006740A8 /* Main.storyboard in Resources */ = {isa = PBXBuildFile; fileRef = AE9F9AC11EC57539006740A8 /* Main.storyboard */; };
		AE9F9AC51EC5753A006740A8 /* Assets.xcassets in Resources */ = {isa = PBXBuildFile; fileRef = AE9F9AC41EC5753A006740A8 /* Assets.xcassets */; };
		AE9F9AC81EC5753A006740A8 /* LaunchScreen.storyboard in Resources */ = {isa = PBXBuildFile; fileRef = AE9F9AC61EC5753A006740A8 /* LaunchScreen.storyboard */; };
		AE9F9AD01EC575A4006740A8 /* AVFoundation.framework in Frameworks */ = {isa = PBXBuildFile; fileRef = AE9F9ACF1EC575A4006740A8 /* AVFoundation.framework */; };
/* End PBXBuildFile section */

/* Begin PBXFileReference section */
		AE9F9AB51EC57538006740A8 /* 录音.app */ = {isa = PBXFileReference; explicitFileType = wrapper.application; includeInIndex = 0; path = "录音.app"; sourceTree = BUILT_PRODUCTS_DIR; };
		AE9F9AB91EC57538006740A8 /* main.m */ = {isa = PBXFileReference; lastKnownFileType = sourcecode.c.objc; path = main.m; sourceTree = "<group>"; };
		AE9F9ABB1EC57538006740A8 /* AppDelegate.h */ = {isa = PBXFileReference; lastKnownFileType = sourcecode.c.h; path = AppDelegate.h; sourceTree = "<group>"; };
		AE9F9ABC1EC57538006740A8 /* AppDelegate.m */ = {isa = PBXFileReference; lastKnownFileType = sourcecode.c.objc; path = AppDelegate.m; sourceTree = "<group>"; };
		AE9F9ABE1EC57538006740A8 /* ViewController.h */ = {isa = PBXFileReference; lastKnownFileType = sourcecode.c.h; path = ViewController.h; sourceTree = "<group>"; };
		AE9F9ABF1EC57538006740A8 /* ViewController.m */ = {isa = PBXFileReference; lastKnownFileType = sourcecode.c.objc; path = ViewController.m; sourceTree = "<group>"; };
		AE9F9AC21EC57539006740A8 /* Base */ = {isa = PBXFileReference; lastKnownFileType = file.storyboard; name = Base; path = Base.lproj/Main.storyboard; sourceTree = "<group>"; };
		AE9F9AC41EC5753A006740A8 /* Assets.xcassets */ = {isa = PBXFileReference; lastKnownFileType = folder.assetcatalog; path = Assets.xcassets; sourceTree = "<group>"; };
		AE9F9AC71EC5753A006740A8 /* Base */ = {isa = PBXFileReference; lastKnownFileType = file.storyboard; name = Base; path = Base.lproj/LaunchScreen.storyboard; sourceTree = "<group>"; };
		AE9F9AC91EC5753A006740A8 /* Info.plist */ = {isa = PBXFileReference; lastKnownFileType = text.plist.xml; path = Info.plist; sourceTree = "<group>"; };
		AE9F9ACF1EC575A4006740A8 /* AVFoundation.framework */ = {isa = PBXFileReference; lastKnownFileType = wrapper.framework; name = AVFoundation.framework; path = System/Library/Frameworks/AVFoundation.framework; sourceTree = SDKROOT; };
/* End PBXFileReference section */

/* Begin PBXFrameworksBuildPhase section */
		AE9F9AB21EC57538006740A8 /* Frameworks */ = {
			isa = PBXFrameworksBuildPhase;
			buildActionMask = 2147483647;
			files = (
				AE9F9AD01EC575A4006740A8 /* AVFoundation.framework in Frameworks */,
			);
			runOnlyForDeploymentPostprocessing = 0;
		};
/* End PBXFrameworksBuildPhase section */

/* Begin PBXGroup section */
		AE9F9AAC1EC57538006740A8 = {
			isa = PBXGroup;
			children = (
				AE9F9ACF1EC575A4006740A8 /* AVFoundation.framework */,
				AE9F9AB71EC57538006740A8 /* 录音 */,
				AE9F9AB61EC57538006740A8 /* Products */,
			);
			sourceTree = "<group>";
		};
		AE9F9AB61EC57538006740A8 /* Products */ = {
			isa = PBXGroup;
			children = (
				AE9F9AB51EC57538006740A8 /* 录音.app */,
			);
			name = Products;
			sourceTree = "<group>";
		};
		AE9F9AB71EC57538006740A8 /* 录音 */ = {
			isa = PBXGroup;
			children = (
				AE9F9ABB1EC57538006740A8 /* AppDelegate.h */,
				AE9F9ABC1EC57538006740A8 /* AppDelegate.m */,
				AE9F9ABE1EC57538006740A8 /* ViewController.h */,
				AE9F9ABF1EC57538006740A8 /* ViewController.m */,
				AE9F9AC11EC57539006740A8 /* Main.storyboard */,
				AE9F9AC41EC5753A006740A8 /* Assets.xcassets */,
				AE9F9AC61EC5753A006740A8 /* LaunchScreen.storyboard */,
				AE9F9AC91EC5753A006740A8 /* Info.plist */,
				AE9F9AB81EC57538006740A8 /* Supporting Files */,
			);
			path = "录音";
			sourceTree = "<group>";
		};
		AE9F9AB81EC57538006740A8 /* Supporting Files */ = {
			isa = PBXGroup;
			children = (
				AE9F9AB91EC57538006740A8 /* main.m */,
			);
			name = "Supporting Files";
			sourceTree = "<group>";
		};
/* End PBXGroup section */

/* Begin PBXNativeTarget section */
		AE9F9AB41EC57538006740A8 /* 录音 */ = {
			isa = PBXNativeTarget;
			buildConfigurationList = AE9F9ACC1EC5753A006740A8 /* Build configuration list for PBXNativeTarget "录音" */;
			buildPhases = (
				AE9F9AB11EC57538006740A8 /* Sources */,
				AE9F9AB21EC57538006740A8 /* Frameworks */,
				AE9F9AB31EC57538006740A8 /* Resources */,
			);
			buildRules = (
			);
			dependencies = (
			);
			name = "录音";
			productName = "录音";
			productReference = AE9F9AB51EC57538006740A8 /* 录音.app */;
			productType = "com.apple.product-type.application";
		};
/* End PBXNativeTarget section */

/* Begin PBXProject section */
		AE9F9AAD1EC57538006740A8 /* Project object */ = {
			isa = PBXProject;
			attributes = {
				LastUpgradeCheck = 0730;
				ORGANIZATIONNAME = "安徽商贸职业技术学院";
				TargetAttributes = {
					AE9F9AB41EC57538006740A8 = {
						CreatedOnToolsVersion = 7.3.1;
						DevelopmentTeam = Z55FN6W3PH;
					};
				};
			};
			buildConfigurationList = AE9F9AB01EC57538006740A8 /* Build configuration list for PBXProject "录音" */;
			compatibilityVersion = "Xcode 3.2";
			developmentRegion = English;
			hasScannedForEncodings = 0;
			knownRegions = (
				en,
				Base,
			);
			mainGroup = AE9F9AAC1EC57538006740A8;
			productRefGroup = AE9F9AB61EC57538006740A8 /* Products */;
			projectDirPath = "";
			projectRoot = "";
			targets = (
				AE9F9AB41EC57538006740A8 /* 录音 */,
			);
		};
/* End PBXProject section */

/* Begin PBXResourcesBuildPhase section */
		AE9F9AB31EC57538006740A8 /* Resources */ = {
			isa = PBXResourcesBuildPhase;
			buildActionMask = 2147483647;
			files = (
				AE9F9AC81EC5753A006740A8 /* LaunchScreen.storyboard in Resources */,
				AE9F9AC51EC5753A006740A8 /* Assets.xcassets in Resources */,
				AE9F9AC31EC57539006740A8 /* Main.storyboard in Resources */,
			);
			runOnlyForDeploymentPostprocessing = 0;
		};
/* End PBXResourcesBuildPhase section */

/* Begin PBXSourcesBuildPhase section */
		AE9F9AB11EC57538006740A8 /* Sources */ = {
			isa = PBXSourcesBuildPhase;
			buildActionMask = 2147483647;
			files = (
				AE9F9AC01EC57538006740A8 /* ViewController.m in Sources */,
				AE9F9ABD1EC57538006740A8 /* AppDelegate.m in Sources */,
				AE9F9ABA1EC57538006740A8 /* main.m in Sources */,
			);
			runOnlyForDeploymentPostprocessing = 0;
		};
/* End PBXSourcesBuildPhase section */

/* Begin PBXVariantGroup section */
		AE9F9AC11EC57539006740A8 /* Main.storyboard */ = {
			isa = PBXVariantGroup;
			children = (
				AE9F9AC21EC57539006740A8 /* Base */,
			);
			name = Main.storyboard;
			sourceTree = "<group>";
		};
		AE9F9AC61EC5753A006740A8 /* LaunchScreen.storyboard */ = {
			isa = PBXVariantGroup;
			children = (
				AE9F9AC71EC5753A006740A8 /* Base */,
			);
			name = LaunchScreen.storyboard;
			sourceTree = "<group>";
		};
/* End PBXVariantGroup section */

/* Begin XCBuildConfiguration section */
		AE9F9ACA1EC5753A006740A8 /* Debug */ = {
			isa = XCBuildConfiguration;
			buildSettings = {
				ALWAYS_SEARCH_USER_PATHS = NO;
				CLANG_ANALYZER_NONNULL = YES;
				CLANG_CXX_LANGUAGE_STANDARD = "gnu++0x";
				CLANG_CXX_LIBRARY = "libc++";
				CLANG_ENABLE_MODULES = YES;
				CLANG_ENABLE_OBJC_ARC = YES;
				CLANG_WARN_BOOL_CONVERSION = YES;
				CLANG_WARN_CONSTANT_CONVERSION = YES;
				CLANG_WARN_DIRECT_OBJC_ISA_USAGE = YES_ERROR;
				CLANG_WARN_EMPTY_BODY = YES;
				CLANG_WARN_ENUM_CONVERSION = YES;
				CLANG_WARN_INT_CONVERSION = YES;
				CLANG_WARN_OBJC_ROOT_CLASS = YES_ERROR;
				CLANG_WARN_UNREACHABLE_CODE = YES;
				CLANG_WARN__DUPLICATE_METHOD_MATCH = YES;
				"CODE_SIGN_IDENTITY[sdk=iphoneos*]" = "iPhone Developer";
				COPY_PHASE_STRIP = NO;
				DEBUG_INFORMATION_FORMAT = dwarf;
				ENABLE_STRICT_OBJC_MSGSEND = YES;
				ENABLE_TESTABILITY = YES;
				GCC_C_LANGUAGE_STANDARD = gnu99;
				GCC_DYNAMIC_NO_PIC = NO;
				GCC_NO_COMMON_BLOCKS = YES;
				GCC_OPTIMIZATION_LEVEL = 0;
				GCC_PREPROCESSOR_DEFINITIONS = (
					"DEBUG=1",
					"$(inherited)",
				);
				GCC_WARN_64_TO_32_BIT_CONVERSION = YES;
				GCC_WARN_ABOUT_RETURN_TYPE = YES_ERROR;
				GCC_WARN_UNDECLARED_SELECTOR = YES;
				GCC_WARN_UNINITIALIZED_AUTOS = YES_AGGRESSIVE;
				GCC_WARN_UNUSED_FUNCTION = YES;
				GCC_WARN_UNUSED_VARIABLE = YES;
				IPHONEOS_DEPLOYMENT_TARGET = 9.3;
				MTL_ENABLE_DEBUG_INFO = YES;
				ONLY_ACTIVE_ARCH = YES;
				SDKROOT = iphoneos;
			};
			name = Debug;
		};
		AE9F9ACB1EC5753A006740A8 /* Release */ = {
			isa = XCBuildConfiguration;
			buildSettings = {
				ALWAYS_SEARCH_USER_PATHS = NO;
				CLANG_ANALYZER_NONNULL = YES;
				CLANG_CXX_LANGUAGE_STANDARD = "gnu++0x";
				CLANG_CXX_LIBRARY = "libc++";
				CLANG_ENABLE_MODULES = YES;
				CLANG_ENABLE_OBJC_ARC = YES;
				CLANG_WARN_BOOL_CONVERSION = YES;
				CLANG_WARN_CONSTANT_CONVERSION = YES;
				CLANG_WARN_DIRECT_OBJC_ISA_USAGE = YES_ERROR;
				CLANG_WARN_EMPTY_BODY = YES;
				CLANG_WARN_ENUM_CONVERSION = YES;
				CLANG_WARN_INT_CONVERSION = YES;
				CLANG_WARN_OBJC_ROOT_CLASS = YES_ERROR;
				CLANG_WARN_UNREACHABLE_CODE = YES;
				CLANG_WARN__DUPLICATE_METHOD_MATCH = YES;
				"CODE_SIGN_IDENTITY[sdk=iphoneos*]" = "iPhone Developer";
				COPY_PHASE_STRIP = NO;
				DEBUG_INFORMATION_FORMAT = "dwarf-with-dsym";
				ENABLE_NS_ASSERTIONS = NO;
				ENABLE_STRICT_OBJC_MSGSEND = YES;
				GCC_C_LANGUAGE_STANDARD = gnu99;
				GCC_NO_COMMON_BLOCKS = YES;
				GCC_WARN_64_TO_32_BIT_CONVERSION = YES;
				GCC_WARN_ABOUT_RETURN_TYPE = YES_ERROR;
				GCC_WARN_UNDECLARED_SELECTOR = YES;
				GCC_WARN_UNINITIALIZED_AUTOS = YES_AGGRESSIVE;
				GCC_WARN_UNUSED_FUNCTION = YES;
				GCC_WARN_UNUSED_VARIABLE = YES;
				IPHONEOS_DEPLOYMENT_TARGET = 9.3;
				MTL_ENABLE_DEBUG_INFO = NO;
				SDKROOT = iphoneos;
				VALIDATE_PRODUCT = YES;
			};
			name = Release;
		};
		AE9F9ACD1EC5753A006740A8 /* Debug */ = {
			isa = XCBuildConfiguration;
			buildSettings = {
				ASSETCATALOG_COMPILER_APPICON_NAME = AppIcon;
				CODE_SIGN_IDENTITY = "iPhone Developer";
				"CODE_SIGN_IDENTITY[sdk=iphoneos*]" = "iPhone Developer";
				INFOPLIST_FILE = "录音/Info.plist";
				IPHONEOS_DEPLOYMENT_TARGET = 8.4;
				LD_RUNPATH_SEARCH_PATHS = "$(inherited) @executable_path/Frameworks";
				PRODUCT_BUNDLE_IDENTIFIER = "cn.edu.abc.--";
				PRODUCT_NAME = "$(TARGET_NAME)";
				PROVISIONING_PROFILE = "";
			};
			name = Debug;
		};
		AE9F9ACE1EC5753A006740A8 /* Release */ = {
			isa = XCBuildConfiguration;
			buildSettings = {
				ASSETCATALOG_COMPILER_APPICON_NAME = AppIcon;
				CODE_SIGN_IDENTITY = "iPhone Developer";
				"CODE_SIGN_IDENTITY[sdk=iphoneos*]" = "iPhone Developer";
				INFOPLIST_FILE = "录音/Info.plist";
				IPHONEOS_DEPLOYMENT_TARGET = 8.4;
				LD_RUNPATH_SEARCH_PATHS = "$(inherited) @executable_path/Frameworks";
				PRODUCT_BUNDLE_IDENTIFIER = "cn.edu.abc.--";
				PRODUCT_NAME = "$(TARGET_NAME)";
				PROVISIONING_PROFILE = "";
			};
			name = Release;
		};
/* End XCBuildConfiguration section */

/* Begin XCConfigurationList section */
		AE9F9AB01EC57538006740A8 /* Build configuration list for PBXProject "录音" */ = {
			isa = XCConfigurationList;
			buildConfigurations = (
				AE9F9ACA1EC5753A006740A8 /* Debug */,
				AE9F9ACB1EC5753A006740A8 /* Release */,
			);
			defaultConfigurationIsVisible = 0;
			defaultConfigurationName = Release;
		};
		AE9F9ACC1EC5753A006740A8 /* Build configuration list for PBXNativeTarget "录音" */ = {
			isa = XCConfigurationList;
			buildConfigurations = (
				AE9F9ACD1EC5753A006740A8 /* Debug */,
				AE9F9ACE1EC5753A006740A8 /* Release */,
			);
			defaultConfigurationIsVisible = 0;
			defaultConfigurationName = Release;
		};
/* End XCConfigurationList section */
	};
	rootObject = AE9F9AAD1EC57538006740A8 /* Project object */;
}
